// !$*UTF8*$!
{
	archiveVersion = 1;
	classes = {
	};
	objectVersion = 46;
	objects = {

/* Begin PBXBuildFile section */
		09AC032861EF6A6CC3221271 /* MainScreenInteractor.m in Sources */ = {isa = PBXBuildFile; fileRef = 974C96BA24C2663708A9B75E /* MainScreenInteractor.m */; };
		0DB0DBF98F7AE851C4839B0A /* MainScreenRouter.m in Sources */ = {isa = PBXBuildFile; fileRef = CB6EEF4073FE6F602AD7BA58 /* MainScreenRouter.m */; };
		1CE9275BA4B4AFAD065DD4A1 /* libPods-CosmosXUITests.a in Frameworks */ = {isa = PBXBuildFile; fileRef = 8E104C5226B3604EF887D3C3 /* libPods-CosmosXUITests.a */; };
		26A9A64A7498A382707EF1E0 /* libPods-CosmosXTests.a in Frameworks */ = {isa = PBXBuildFile; fileRef = 5644F7180A3C5E200FA03E17 /* libPods-CosmosXTests.a */; };
		468E1C951C91813F729E77F0 /* MainScreenAssemblyTests.m in Sources */ = {isa = PBXBuildFile; fileRef = 3B9872A93168F784CC4C1FC4 /* MainScreenAssemblyTests.m */; };
		46BDDEF2F7E58710AC1F862E /* MainScreenRouterTests.m in Sources */ = {isa = PBXBuildFile; fileRef = B6EC62AE7B5252607C338707 /* MainScreenRouterTests.m */; };
		4DC3D806E73CD73A77882992 /* MainScreenViewControllerTests.m in Sources */ = {isa = PBXBuildFile; fileRef = F2E380F66FDE0AE5C3723F48 /* MainScreenViewControllerTests.m */; };
		7B46573ADAD478FD431F3198 /* MainScreenAssembly.m in Sources */ = {isa = PBXBuildFile; fileRef = 2F644EB53FEDA978272580F8 /* MainScreenAssembly.m */; };
		87ACA91405B32736C3BDE6FA /* MainScreenViewController.m in Sources */ = {isa = PBXBuildFile; fileRef = D712530AFCD493441CE790BC /* MainScreenViewController.m */; };
		BBF5FDE44A337D9A02E794EB /* MainScreenInteractorTests.m in Sources */ = {isa = PBXBuildFile; fileRef = 8377066A55A30B8411D4FD4A /* MainScreenInteractorTests.m */; };
		D53D05414A64ED761823DD36 /* MainScreenPresenter.m in Sources */ = {isa = PBXBuildFile; fileRef = 116149DDB7966A07F80C7D9B /* MainScreenPresenter.m */; };
		EB1118D933B3DBE713527C27 /* libPods-CosmosX.a in Frameworks */ = {isa = PBXBuildFile; fileRef = 70022D6ED0CF04045AD09404 /* libPods-CosmosX.a */; };
		F3ED0E811FB67F343416DA03 /* MainScreenPresenterTests.m in Sources */ = {isa = PBXBuildFile; fileRef = CBC15FB04F3006C323BA7F44 /* MainScreenPresenterTests.m */; };
		FA068F0B1DAB6A9100957582 /* CosmosXTests.m in Sources */ = {isa = PBXBuildFile; fileRef = FA068F0A1DAB6A9100957582 /* CosmosXTests.m */; };
		FA068F161DAB6A9100957582 /* CosmosXUITests.m in Sources */ = {isa = PBXBuildFile; fileRef = FA068F151DAB6A9100957582 /* CosmosXUITests.m */; };
		FA0880E01DB729F70087E9E9 /* APODCollectionViewCellAttributes.m in Sources */ = {isa = PBXBuildFile; fileRef = FA0880DF1DB729F70087E9E9 /* APODCollectionViewCellAttributes.m */; };
		FA0880E41DB79C5D0087E9E9 /* APODEventsCellObjectFactory.m in Sources */ = {isa = PBXBuildFile; fileRef = FA0880E31DB79C5D0087E9E9 /* APODEventsCellObjectFactory.m */; };
		FA0880EA1DB92C490087E9E9 /* OperationBase.m in Sources */ = {isa = PBXBuildFile; fileRef = FA0880E91DB92C490087E9E9 /* OperationBase.m */; };
		FA0880ED1DB92D8A0087E9E9 /* AsyncNetworkOperation.m in Sources */ = {isa = PBXBuildFile; fileRef = FA0880EC1DB92D8A0087E9E9 /* AsyncNetworkOperation.m */; };
		FA09C46E1DB6B61500D18455 /* APODVideoEventCollectionViewCell.m in Sources */ = {isa = PBXBuildFile; fileRef = FA09C46C1DB6B61500D18455 /* APODVideoEventCollectionViewCell.m */; };
		FA09C46F1DB6B61500D18455 /* APODVideoEventCollectionViewCell.xib in Resources */ = {isa = PBXBuildFile; fileRef = FA09C46D1DB6B61500D18455 /* APODVideoEventCollectionViewCell.xib */; };
		FA09C4741DB6B7EC00D18455 /* Constants.m in Sources */ = {isa = PBXBuildFile; fileRef = FA09C4731DB6B7EC00D18455 /* Constants.m */; };
		FA0EAE1A1DABFD8000650807 /* PONSOMapper.m in Sources */ = {isa = PBXBuildFile; fileRef = FA0EAE191DABFD8000650807 /* PONSOMapper.m */; };
		FA0EAE2A1DAC056F00650807 /* NetworkClient.m in Sources */ = {isa = PBXBuildFile; fileRef = FA0EAE291DAC056F00650807 /* NetworkClient.m */; };
		FA0EAE2F1DAC062D00650807 /* ResponseModel.m in Sources */ = {isa = PBXBuildFile; fileRef = FA0EAE2E1DAC062D00650807 /* ResponseModel.m */; };
		FA330B541DAB96BE007BF47C /* Assets.xcassets in Resources */ = {isa = PBXBuildFile; fileRef = FA7CFF341DAB90EA001B3C27 /* Assets.xcassets */; };
		FA330B551DAB96BE007BF47C /* LaunchScreen.storyboard in Resources */ = {isa = PBXBuildFile; fileRef = FA7CFF351DAB90EA001B3C27 /* LaunchScreen.storyboard */; };
		FA330B561DAB96BE007BF47C /* Main.storyboard in Resources */ = {isa = PBXBuildFile; fileRef = FA7CFF371DAB90EA001B3C27 /* Main.storyboard */; };
		FA330B681DAB9E27007BF47C /* PostSizeCalculator.m in Sources */ = {isa = PBXBuildFile; fileRef = FA330B601DAB9E27007BF47C /* PostSizeCalculator.m */; };
		FA330B691DAB9E27007BF47C /* PostCollectionViewFlowLayout.m in Sources */ = {isa = PBXBuildFile; fileRef = FA330B621DAB9E27007BF47C /* PostCollectionViewFlowLayout.m */; };
		FA330B6A1DAB9E27007BF47C /* DisplayDataManager.m in Sources */ = {isa = PBXBuildFile; fileRef = FA330B641DAB9E27007BF47C /* DisplayDataManager.m */; };
		FA330B6D1DAB9E8F007BF47C /* CollectionViewDataSource.m in Sources */ = {isa = PBXBuildFile; fileRef = FA330B6C1DAB9E8F007BF47C /* CollectionViewDataSource.m */; };
		FA330B701DAB9EA6007BF47C /* CollectionViewDelegate.m in Sources */ = {isa = PBXBuildFile; fileRef = FA330B6F1DAB9EA6007BF47C /* CollectionViewDelegate.m */; };
		FA7CFF3A1DAB90EA001B3C27 /* AppDelegate.m in Sources */ = {isa = PBXBuildFile; fileRef = FA7CFF2F1DAB90EA001B3C27 /* AppDelegate.m */; };
		FA7CFF3B1DAB90EA001B3C27 /* main.m in Sources */ = {isa = PBXBuildFile; fileRef = FA7CFF321DAB90EA001B3C27 /* main.m */; };
		FA94B2AA1DAD074F001EEAA2 /* RequestDateFormatter.m in Sources */ = {isa = PBXBuildFile; fileRef = FA94B2A91DAD074F001EEAA2 /* RequestDateFormatter.m */; };
		FA94B2B31DAD0A18001EEAA2 /* APODDataRequestService.m in Sources */ = {isa = PBXBuildFile; fileRef = FA94B2B21DAD0A18001EEAA2 /* APODDataRequestService.m */; };
		FACE77141DB699480047312B /* APODPictureEventCollectionViewCell.m in Sources */ = {isa = PBXBuildFile; fileRef = FACE77121DB699480047312B /* APODPictureEventCollectionViewCell.m */; };
		FACE77151DB699480047312B /* APODPictureEventCollectionViewCell.xib in Resources */ = {isa = PBXBuildFile; fileRef = FACE77131DB699480047312B /* APODPictureEventCollectionViewCell.xib */; };
		FAD9B3E71DAD198000069752 /* PONSOModel.m in Sources */ = {isa = PBXBuildFile; fileRef = FAD9B3E61DAD198000069752 /* PONSOModel.m */; };
		FAD9B3EB1DAD343400069752 /* CoreComponentsAssembly.m in Sources */ = {isa = PBXBuildFile; fileRef = FAD9B3EA1DAD343400069752 /* CoreComponentsAssembly.m */; };
		FAD9B3EE1DAD377A00069752 /* ServicesAssembly.m in Sources */ = {isa = PBXBuildFile; fileRef = FAD9B3ED1DAD377A00069752 /* ServicesAssembly.m */; };
		FAD9B3F51DAD3E8D00069752 /* APODDataStoreService.m in Sources */ = {isa = PBXBuildFile; fileRef = FAD9B3F41DAD3E8D00069752 /* APODDataStoreService.m */; };
		FAD9B3F91DAD41C400069752 /* APODData.m in Sources */ = {isa = PBXBuildFile; fileRef = FAD9B3F81DAD41C400069752 /* APODData.m */; };
		FAD9B4001DAD479A00069752 /* StoreModelAdapter.m in Sources */ = {isa = PBXBuildFile; fileRef = FAD9B3FF1DAD479A00069752 /* StoreModelAdapter.m */; };
		FAEBD8451DB72417005BD8D1 /* APODPictureEventCollectionViewCellObject.m in Sources */ = {isa = PBXBuildFile; fileRef = FAEBD8441DB72417005BD8D1 /* APODPictureEventCollectionViewCellObject.m */; };
		FAEBD8481DB72434005BD8D1 /* APODVideoEventCollectionViewCellObject.m in Sources */ = {isa = PBXBuildFile; fileRef = FAEBD8471DB72434005BD8D1 /* APODVideoEventCollectionViewCellObject.m */; };
		FAEDBB391DB6FBBF002A2951 /* DataProvider.m in Sources */ = {isa = PBXBuildFile; fileRef = FAEDBB381DB6FBBF002A2951 /* DataProvider.m */; };
/* End PBXBuildFile section */

/* Begin PBXContainerItemProxy section */
		FA068F071DAB6A9100957582 /* PBXContainerItemProxy */ = {
			isa = PBXContainerItemProxy;
			containerPortal = FA068EE51DAB6A9100957582 /* Project object */;
			proxyType = 1;
			remoteGlobalIDString = FA068EEC1DAB6A9100957582;
			remoteInfo = CosmosX;
		};
		FA068F121DAB6A9100957582 /* PBXContainerItemProxy */ = {
			isa = PBXContainerItemProxy;
			containerPortal = FA068EE51DAB6A9100957582 /* Project object */;
			proxyType = 1;
			remoteGlobalIDString = FA068EEC1DAB6A9100957582;
			remoteInfo = CosmosX;
		};
/* End PBXContainerItemProxy section */

/* Begin PBXFileReference section */
		116149DDB7966A07F80C7D9B /* MainScreenPresenter.m */ = {isa = PBXFileReference; includeInIndex = 1; lastKnownFileType = sourcecode.c.objc; path = MainScreenPresenter.m; sourceTree = "<group>"; };
		15DA41C6B242D3007F68D060 /* MainScreenInteractorOutput.h */ = {isa = PBXFileReference; includeInIndex = 1; lastKnownFileType = sourcecode.c.h; path = MainScreenInteractorOutput.h; sourceTree = "<group>"; };
		1B7613038782549D40B5DCC3 /* Pods-CosmosX.debug.xcconfig */ = {isa = PBXFileReference; includeInIndex = 1; lastKnownFileType = text.xcconfig; name = "Pods-CosmosX.debug.xcconfig"; path = "Pods/Target Support Files/Pods-CosmosX/Pods-CosmosX.debug.xcconfig"; sourceTree = "<group>"; };
		2F644EB53FEDA978272580F8 /* MainScreenAssembly.m */ = {isa = PBXFileReference; includeInIndex = 1; lastKnownFileType = sourcecode.c.objc; path = MainScreenAssembly.m; sourceTree = "<group>"; };
		342F76A587CA7E377FC8F43D /* MainScreenPresenter.h */ = {isa = PBXFileReference; includeInIndex = 1; lastKnownFileType = sourcecode.c.h; path = MainScreenPresenter.h; sourceTree = "<group>"; };
		3577BCFCDADFBFCD8FFE924F /* MainScreenViewOutput.h */ = {isa = PBXFileReference; includeInIndex = 1; lastKnownFileType = sourcecode.c.h; path = MainScreenViewOutput.h; sourceTree = "<group>"; };
		3B9872A93168F784CC4C1FC4 /* MainScreenAssemblyTests.m */ = {isa = PBXFileReference; includeInIndex = 1; lastKnownFileType = sourcecode.c.objc; path = MainScreenAssemblyTests.m; sourceTree = "<group>"; };
		5644F7180A3C5E200FA03E17 /* libPods-CosmosXTests.a */ = {isa = PBXFileReference; explicitFileType = archive.ar; includeInIndex = 0; path = "libPods-CosmosXTests.a"; sourceTree = BUILT_PRODUCTS_DIR; };
		6AEFF55A56C21CAB28443405 /* Pods-CosmosXTests.debug.xcconfig */ = {isa = PBXFileReference; includeInIndex = 1; lastKnownFileType = text.xcconfig; name = "Pods-CosmosXTests.debug.xcconfig"; path = "Pods/Target Support Files/Pods-CosmosXTests/Pods-CosmosXTests.debug.xcconfig"; sourceTree = "<group>"; };
		70022D6ED0CF04045AD09404 /* libPods-CosmosX.a */ = {isa = PBXFileReference; explicitFileType = archive.ar; includeInIndex = 0; path = "libPods-CosmosX.a"; sourceTree = BUILT_PRODUCTS_DIR; };
		7697E23F2D62BBCFAF0D9C49 /* Pods-CosmosXTests.release.xcconfig */ = {isa = PBXFileReference; includeInIndex = 1; lastKnownFileType = text.xcconfig; name = "Pods-CosmosXTests.release.xcconfig"; path = "Pods/Target Support Files/Pods-CosmosXTests/Pods-CosmosXTests.release.xcconfig"; sourceTree = "<group>"; };
		8377066A55A30B8411D4FD4A /* MainScreenInteractorTests.m */ = {isa = PBXFileReference; includeInIndex = 1; lastKnownFileType = sourcecode.c.objc; path = MainScreenInteractorTests.m; sourceTree = "<group>"; };
		88266B83C1D608B9FFBC6107 /* Pods-CosmosX.release.xcconfig */ = {isa = PBXFileReference; includeInIndex = 1; lastKnownFileType = text.xcconfig; name = "Pods-CosmosX.release.xcconfig"; path = "Pods/Target Support Files/Pods-CosmosX/Pods-CosmosX.release.xcconfig"; sourceTree = "<group>"; };
		88A52D2C6B65D8C79862C438 /* MainScreenInteractor.h */ = {isa = PBXFileReference; includeInIndex = 1; lastKnownFileType = sourcecode.c.h; path = MainScreenInteractor.h; sourceTree = "<group>"; };
		8BCEF8DE58EF9FBE3E982EC8 /* Pods-CosmosXUITests.release.xcconfig */ = {isa = PBXFileReference; includeInIndex = 1; lastKnownFileType = text.xcconfig; name = "Pods-CosmosXUITests.release.xcconfig"; path = "Pods/Target Support Files/Pods-CosmosXUITests/Pods-CosmosXUITests.release.xcconfig"; sourceTree = "<group>"; };
		8E104C5226B3604EF887D3C3 /* libPods-CosmosXUITests.a */ = {isa = PBXFileReference; explicitFileType = archive.ar; includeInIndex = 0; path = "libPods-CosmosXUITests.a"; sourceTree = BUILT_PRODUCTS_DIR; };
		974C96BA24C2663708A9B75E /* MainScreenInteractor.m */ = {isa = PBXFileReference; includeInIndex = 1; lastKnownFileType = sourcecode.c.objc; path = MainScreenInteractor.m; sourceTree = "<group>"; };
		B4242293E262F5CF7954AAE6 /* MainScreenRouter.h */ = {isa = PBXFileReference; includeInIndex = 1; lastKnownFileType = sourcecode.c.h; path = MainScreenRouter.h; sourceTree = "<group>"; };
		B6EC62AE7B5252607C338707 /* MainScreenRouterTests.m */ = {isa = PBXFileReference; includeInIndex = 1; lastKnownFileType = sourcecode.c.objc; path = MainScreenRouterTests.m; sourceTree = "<group>"; };
		CB6EEF4073FE6F602AD7BA58 /* MainScreenRouter.m */ = {isa = PBXFileReference; includeInIndex = 1; lastKnownFileType = sourcecode.c.objc; path = MainScreenRouter.m; sourceTree = "<group>"; };
		CBC15FB04F3006C323BA7F44 /* MainScreenPresenterTests.m */ = {isa = PBXFileReference; includeInIndex = 1; lastKnownFileType = sourcecode.c.objc; path = MainScreenPresenterTests.m; sourceTree = "<group>"; };
		D0283D6546563DFC71F37C3F /* MainScreenModuleInput.h */ = {isa = PBXFileReference; includeInIndex = 1; lastKnownFileType = sourcecode.c.h; path = MainScreenModuleInput.h; sourceTree = "<group>"; };
		D15F4E0A26E1BEBB3D24E4F8 /* MainScreenRouterInput.h */ = {isa = PBXFileReference; includeInIndex = 1; lastKnownFileType = sourcecode.c.h; path = MainScreenRouterInput.h; sourceTree = "<group>"; };
		D712530AFCD493441CE790BC /* MainScreenViewController.m */ = {isa = PBXFileReference; includeInIndex = 1; lastKnownFileType = sourcecode.c.objc; path = MainScreenViewController.m; sourceTree = "<group>"; };
		DF84284E26C5E8A2BD87211D /* MainScreenViewController.h */ = {isa = PBXFileReference; includeInIndex = 1; lastKnownFileType = sourcecode.c.h; path = MainScreenViewController.h; sourceTree = "<group>"; };
		DFD72EDB8B3D1D6C860238DC /* MainScreenAssembly.h */ = {isa = PBXFileReference; includeInIndex = 1; lastKnownFileType = sourcecode.c.h; path = MainScreenAssembly.h; sourceTree = "<group>"; };
		E0DD5D707B0110DE0D77AD4E /* MainScreenViewInput.h */ = {isa = PBXFileReference; includeInIndex = 1; lastKnownFileType = sourcecode.c.h; path = MainScreenViewInput.h; sourceTree = "<group>"; };
		E2C2630C3F9FC80643899E54 /* MainScreenAssembly_Testable.h */ = {isa = PBXFileReference; includeInIndex = 1; lastKnownFileType = sourcecode.c.h; path = MainScreenAssembly_Testable.h; sourceTree = "<group>"; };
		E64481E43C20C95CA25AD63C /* MainScreenInteractorInput.h */ = {isa = PBXFileReference; includeInIndex = 1; lastKnownFileType = sourcecode.c.h; path = MainScreenInteractorInput.h; sourceTree = "<group>"; };
		EFD0E378D00483055F459E4A /* Pods-CosmosXUITests.debug.xcconfig */ = {isa = PBXFileReference; includeInIndex = 1; lastKnownFileType = text.xcconfig; name = "Pods-CosmosXUITests.debug.xcconfig"; path = "Pods/Target Support Files/Pods-CosmosXUITests/Pods-CosmosXUITests.debug.xcconfig"; sourceTree = "<group>"; };
		F2E380F66FDE0AE5C3723F48 /* MainScreenViewControllerTests.m */ = {isa = PBXFileReference; includeInIndex = 1; lastKnownFileType = sourcecode.c.objc; path = MainScreenViewControllerTests.m; sourceTree = "<group>"; };
		FA068EED1DAB6A9100957582 /* CosmosX.app */ = {isa = PBXFileReference; explicitFileType = wrapper.application; includeInIndex = 0; path = CosmosX.app; sourceTree = BUILT_PRODUCTS_DIR; };
		FA068EF11DAB6A9100957582 /* main.m */ = {isa = PBXFileReference; lastKnownFileType = sourcecode.c.objc; path = main.m; sourceTree = "<group>"; };
		FA068F011DAB6A9100957582 /* Info.plist */ = {isa = PBXFileReference; lastKnownFileType = text.plist.xml; path = Info.plist; sourceTree = "<group>"; };
		FA068F061DAB6A9100957582 /* CosmosXTests.xctest */ = {isa = PBXFileReference; explicitFileType = wrapper.cfbundle; includeInIndex = 0; path = CosmosXTests.xctest; sourceTree = BUILT_PRODUCTS_DIR; };
		FA068F0A1DAB6A9100957582 /* CosmosXTests.m */ = {isa = PBXFileReference; lastKnownFileType = sourcecode.c.objc; path = CosmosXTests.m; sourceTree = "<group>"; };
		FA068F0C1DAB6A9100957582 /* Info.plist */ = {isa = PBXFileReference; lastKnownFileType = text.plist.xml; path = Info.plist; sourceTree = "<group>"; };
		FA068F111DAB6A9100957582 /* CosmosXUITests.xctest */ = {isa = PBXFileReference; explicitFileType = wrapper.cfbundle; includeInIndex = 0; path = CosmosXUITests.xctest; sourceTree = BUILT_PRODUCTS_DIR; };
		FA068F151DAB6A9100957582 /* CosmosXUITests.m */ = {isa = PBXFileReference; lastKnownFileType = sourcecode.c.objc; path = CosmosXUITests.m; sourceTree = "<group>"; };
		FA068F171DAB6A9100957582 /* Info.plist */ = {isa = PBXFileReference; lastKnownFileType = text.plist.xml; path = Info.plist; sourceTree = "<group>"; };
		FA0880DE1DB729F70087E9E9 /* APODCollectionViewCellAttributes.h */ = {isa = PBXFileReference; fileEncoding = 4; lastKnownFileType = sourcecode.c.h; path = APODCollectionViewCellAttributes.h; sourceTree = "<group>"; };
		FA0880DF1DB729F70087E9E9 /* APODCollectionViewCellAttributes.m */ = {isa = PBXFileReference; fileEncoding = 4; lastKnownFileType = sourcecode.c.objc; path = APODCollectionViewCellAttributes.m; sourceTree = "<group>"; };
		FA0880E21DB79C5D0087E9E9 /* APODEventsCellObjectFactory.h */ = {isa = PBXFileReference; fileEncoding = 4; lastKnownFileType = sourcecode.c.h; path = APODEventsCellObjectFactory.h; sourceTree = "<group>"; };
		FA0880E31DB79C5D0087E9E9 /* APODEventsCellObjectFactory.m */ = {isa = PBXFileReference; fileEncoding = 4; lastKnownFileType = sourcecode.c.objc; path = APODEventsCellObjectFactory.m; sourceTree = "<group>"; };
		FA0880E81DB92C490087E9E9 /* OperationBase.h */ = {isa = PBXFileReference; fileEncoding = 4; lastKnownFileType = sourcecode.c.h; path = OperationBase.h; sourceTree = "<group>"; };
		FA0880E91DB92C490087E9E9 /* OperationBase.m */ = {isa = PBXFileReference; fileEncoding = 4; lastKnownFileType = sourcecode.c.objc; path = OperationBase.m; sourceTree = "<group>"; };
		FA0880EB1DB92D8A0087E9E9 /* AsyncNetworkOperation.h */ = {isa = PBXFileReference; fileEncoding = 4; lastKnownFileType = sourcecode.c.h; path = AsyncNetworkOperation.h; sourceTree = "<group>"; };
		FA0880EC1DB92D8A0087E9E9 /* AsyncNetworkOperation.m */ = {isa = PBXFileReference; fileEncoding = 4; lastKnownFileType = sourcecode.c.objc; path = AsyncNetworkOperation.m; sourceTree = "<group>"; };
		FA09C46B1DB6B61500D18455 /* APODVideoEventCollectionViewCell.h */ = {isa = PBXFileReference; fileEncoding = 4; lastKnownFileType = sourcecode.c.h; path = APODVideoEventCollectionViewCell.h; sourceTree = "<group>"; };
		FA09C46C1DB6B61500D18455 /* APODVideoEventCollectionViewCell.m */ = {isa = PBXFileReference; fileEncoding = 4; lastKnownFileType = sourcecode.c.objc; path = APODVideoEventCollectionViewCell.m; sourceTree = "<group>"; };
		FA09C46D1DB6B61500D18455 /* APODVideoEventCollectionViewCell.xib */ = {isa = PBXFileReference; fileEncoding = 4; lastKnownFileType = file.xib; path = APODVideoEventCollectionViewCell.xib; sourceTree = "<group>"; };
		FA09C4721DB6B7EC00D18455 /* Constants.h */ = {isa = PBXFileReference; fileEncoding = 4; lastKnownFileType = sourcecode.c.h; path = Constants.h; sourceTree = "<group>"; };
		FA09C4731DB6B7EC00D18455 /* Constants.m */ = {isa = PBXFileReference; fileEncoding = 4; lastKnownFileType = sourcecode.c.objc; path = Constants.m; sourceTree = "<group>"; };
		FA0EAE151DABFD0200650807 /* ResourceMapperProtocol.h */ = {isa = PBXFileReference; fileEncoding = 4; lastKnownFileType = sourcecode.c.h; path = ResourceMapperProtocol.h; sourceTree = "<group>"; };
		FA0EAE181DABFD8000650807 /* PONSOMapper.h */ = {isa = PBXFileReference; fileEncoding = 4; lastKnownFileType = sourcecode.c.h; path = PONSOMapper.h; sourceTree = "<group>"; };
		FA0EAE191DABFD8000650807 /* PONSOMapper.m */ = {isa = PBXFileReference; fileEncoding = 4; lastKnownFileType = sourcecode.c.objc; path = PONSOMapper.m; sourceTree = "<group>"; };
		FA0EAE231DAC025B00650807 /* NetworkSessionType.h */ = {isa = PBXFileReference; fileEncoding = 4; lastKnownFileType = sourcecode.c.h; path = NetworkSessionType.h; sourceTree = "<group>"; };
		FA0EAE261DAC035D00650807 /* CommonClientProtocol.h */ = {isa = PBXFileReference; fileEncoding = 4; lastKnownFileType = sourcecode.c.h; path = CommonClientProtocol.h; sourceTree = "<group>"; };
		FA0EAE281DAC056F00650807 /* NetworkClient.h */ = {isa = PBXFileReference; fileEncoding = 4; lastKnownFileType = sourcecode.c.h; path = NetworkClient.h; sourceTree = "<group>"; };
		FA0EAE291DAC056F00650807 /* NetworkClient.m */ = {isa = PBXFileReference; fileEncoding = 4; lastKnownFileType = sourcecode.c.objc; path = NetworkClient.m; sourceTree = "<group>"; };
		FA0EAE2D1DAC062D00650807 /* ResponseModel.h */ = {isa = PBXFileReference; fileEncoding = 4; lastKnownFileType = sourcecode.c.h; path = ResponseModel.h; sourceTree = "<group>"; };
		FA0EAE2E1DAC062D00650807 /* ResponseModel.m */ = {isa = PBXFileReference; fileEncoding = 4; lastKnownFileType = sourcecode.c.objc; path = ResponseModel.m; sourceTree = "<group>"; };
		FA330B5F1DAB9E27007BF47C /* PostSizeCalculator.h */ = {isa = PBXFileReference; fileEncoding = 4; lastKnownFileType = sourcecode.c.h; path = PostSizeCalculator.h; sourceTree = "<group>"; };
		FA330B601DAB9E27007BF47C /* PostSizeCalculator.m */ = {isa = PBXFileReference; fileEncoding = 4; lastKnownFileType = sourcecode.c.objc; path = PostSizeCalculator.m; sourceTree = "<group>"; };
		FA330B611DAB9E27007BF47C /* PostCollectionViewFlowLayout.h */ = {isa = PBXFileReference; fileEncoding = 4; lastKnownFileType = sourcecode.c.h; path = PostCollectionViewFlowLayout.h; sourceTree = "<group>"; };
		FA330B621DAB9E27007BF47C /* PostCollectionViewFlowLayout.m */ = {isa = PBXFileReference; fileEncoding = 4; lastKnownFileType = sourcecode.c.objc; path = PostCollectionViewFlowLayout.m; sourceTree = "<group>"; };
		FA330B631DAB9E27007BF47C /* DisplayDataManager.h */ = {isa = PBXFileReference; fileEncoding = 4; lastKnownFileType = sourcecode.c.h; path = DisplayDataManager.h; sourceTree = "<group>"; };
		FA330B641DAB9E27007BF47C /* DisplayDataManager.m */ = {isa = PBXFileReference; fileEncoding = 4; lastKnownFileType = sourcecode.c.objc; path = DisplayDataManager.m; sourceTree = "<group>"; };
		FA330B651DAB9E27007BF47C /* DisplayDataManagerDelegate.h */ = {isa = PBXFileReference; fileEncoding = 4; lastKnownFileType = sourcecode.c.h; path = DisplayDataManagerDelegate.h; sourceTree = "<group>"; };
		FA330B661DAB9E27007BF47C /* DisplayDataManagerProtocol.h */ = {isa = PBXFileReference; fileEncoding = 4; lastKnownFileType = sourcecode.c.h; path = DisplayDataManagerProtocol.h; sourceTree = "<group>"; };
		FA330B6B1DAB9E8F007BF47C /* CollectionViewDataSource.h */ = {isa = PBXFileReference; fileEncoding = 4; lastKnownFileType = sourcecode.c.h; path = CollectionViewDataSource.h; sourceTree = "<group>"; };
		FA330B6C1DAB9E8F007BF47C /* CollectionViewDataSource.m */ = {isa = PBXFileReference; fileEncoding = 4; lastKnownFileType = sourcecode.c.objc; path = CollectionViewDataSource.m; sourceTree = "<group>"; };
		FA330B6E1DAB9EA6007BF47C /* CollectionViewDelegate.h */ = {isa = PBXFileReference; fileEncoding = 4; lastKnownFileType = sourcecode.c.h; path = CollectionViewDelegate.h; sourceTree = "<group>"; };
		FA330B6F1DAB9EA6007BF47C /* CollectionViewDelegate.m */ = {isa = PBXFileReference; fileEncoding = 4; lastKnownFileType = sourcecode.c.objc; path = CollectionViewDelegate.m; sourceTree = "<group>"; };
		FA7CFF2E1DAB90EA001B3C27 /* AppDelegate.h */ = {isa = PBXFileReference; fileEncoding = 4; lastKnownFileType = sourcecode.c.h; path = AppDelegate.h; sourceTree = "<group>"; };
		FA7CFF2F1DAB90EA001B3C27 /* AppDelegate.m */ = {isa = PBXFileReference; fileEncoding = 4; lastKnownFileType = sourcecode.c.objc; path = AppDelegate.m; sourceTree = "<group>"; };
		FA7CFF321DAB90EA001B3C27 /* main.m */ = {isa = PBXFileReference; fileEncoding = 4; lastKnownFileType = sourcecode.c.objc; path = main.m; sourceTree = "<group>"; };
		FA7CFF341DAB90EA001B3C27 /* Assets.xcassets */ = {isa = PBXFileReference; lastKnownFileType = folder.assetcatalog; path = Assets.xcassets; sourceTree = "<group>"; };
		FA7CFF361DAB90EA001B3C27 /* Base */ = {isa = PBXFileReference; lastKnownFileType = file.storyboard; name = Base; path = Base.lproj/LaunchScreen.storyboard; sourceTree = "<group>"; };
		FA7CFF381DAB90EA001B3C27 /* Base */ = {isa = PBXFileReference; lastKnownFileType = file.storyboard; name = Base; path = Base.lproj/Main.storyboard; sourceTree = "<group>"; };
		FA94B2A81DAD074F001EEAA2 /* RequestDateFormatter.h */ = {isa = PBXFileReference; fileEncoding = 4; lastKnownFileType = sourcecode.c.h; path = RequestDateFormatter.h; sourceTree = "<group>"; };
		FA94B2A91DAD074F001EEAA2 /* RequestDateFormatter.m */ = {isa = PBXFileReference; fileEncoding = 4; lastKnownFileType = sourcecode.c.objc; path = RequestDateFormatter.m; sourceTree = "<group>"; };
		FA94B2AB1DAD076C001EEAA2 /* APODDateFormatterProtocol.h */ = {isa = PBXFileReference; fileEncoding = 4; lastKnownFileType = sourcecode.c.h; path = APODDateFormatterProtocol.h; sourceTree = "<group>"; };
		FA94B2B11DAD0A18001EEAA2 /* APODDataRequestService.h */ = {isa = PBXFileReference; fileEncoding = 4; lastKnownFileType = sourcecode.c.h; path = APODDataRequestService.h; sourceTree = "<group>"; };
		FA94B2B21DAD0A18001EEAA2 /* APODDataRequestService.m */ = {isa = PBXFileReference; fileEncoding = 4; lastKnownFileType = sourcecode.c.objc; path = APODDataRequestService.m; sourceTree = "<group>"; };
		FA94B2B41DAD0A35001EEAA2 /* DataRequestProtocol.h */ = {isa = PBXFileReference; fileEncoding = 4; lastKnownFileType = sourcecode.c.h; path = DataRequestProtocol.h; sourceTree = "<group>"; };
		FACE77111DB699480047312B /* APODPictureEventCollectionViewCell.h */ = {isa = PBXFileReference; fileEncoding = 4; lastKnownFileType = sourcecode.c.h; name = APODPictureEventCollectionViewCell.h; path = ../APODPictureEventCollectionViewCell.h; sourceTree = "<group>"; };
		FACE77121DB699480047312B /* APODPictureEventCollectionViewCell.m */ = {isa = PBXFileReference; fileEncoding = 4; lastKnownFileType = sourcecode.c.objc; name = APODPictureEventCollectionViewCell.m; path = ../APODPictureEventCollectionViewCell.m; sourceTree = "<group>"; };
		FACE77131DB699480047312B /* APODPictureEventCollectionViewCell.xib */ = {isa = PBXFileReference; fileEncoding = 4; lastKnownFileType = file.xib; name = APODPictureEventCollectionViewCell.xib; path = ../APODPictureEventCollectionViewCell.xib; sourceTree = "<group>"; };
		FAD9B3E51DAD198000069752 /* PONSOModel.h */ = {isa = PBXFileReference; fileEncoding = 4; lastKnownFileType = sourcecode.c.h; path = PONSOModel.h; sourceTree = "<group>"; };
		FAD9B3E61DAD198000069752 /* PONSOModel.m */ = {isa = PBXFileReference; fileEncoding = 4; lastKnownFileType = sourcecode.c.objc; path = PONSOModel.m; sourceTree = "<group>"; };
		FAD9B3E91DAD343400069752 /* CoreComponentsAssembly.h */ = {isa = PBXFileReference; fileEncoding = 4; lastKnownFileType = sourcecode.c.h; path = CoreComponentsAssembly.h; sourceTree = "<group>"; };
		FAD9B3EA1DAD343400069752 /* CoreComponentsAssembly.m */ = {isa = PBXFileReference; fileEncoding = 4; lastKnownFileType = sourcecode.c.objc; path = CoreComponentsAssembly.m; sourceTree = "<group>"; };
		FAD9B3EC1DAD377A00069752 /* ServicesAssembly.h */ = {isa = PBXFileReference; fileEncoding = 4; lastKnownFileType = sourcecode.c.h; path = ServicesAssembly.h; sourceTree = "<group>"; };
		FAD9B3ED1DAD377A00069752 /* ServicesAssembly.m */ = {isa = PBXFileReference; fileEncoding = 4; lastKnownFileType = sourcecode.c.objc; path = ServicesAssembly.m; sourceTree = "<group>"; };
		FAD9B3F21DAD3E6200069752 /* DataStoreProtocol.h */ = {isa = PBXFileReference; fileEncoding = 4; lastKnownFileType = sourcecode.c.h; path = DataStoreProtocol.h; sourceTree = "<group>"; };
		FAD9B3F31DAD3E8D00069752 /* APODDataStoreService.h */ = {isa = PBXFileReference; fileEncoding = 4; lastKnownFileType = sourcecode.c.h; path = APODDataStoreService.h; sourceTree = "<group>"; };
		FAD9B3F41DAD3E8D00069752 /* APODDataStoreService.m */ = {isa = PBXFileReference; fileEncoding = 4; lastKnownFileType = sourcecode.c.objc; path = APODDataStoreService.m; sourceTree = "<group>"; };
		FAD9B3F71DAD41C400069752 /* APODData.h */ = {isa = PBXFileReference; fileEncoding = 4; lastKnownFileType = sourcecode.c.h; path = APODData.h; sourceTree = "<group>"; };
		FAD9B3F81DAD41C400069752 /* APODData.m */ = {isa = PBXFileReference; fileEncoding = 4; lastKnownFileType = sourcecode.c.objc; path = APODData.m; sourceTree = "<group>"; };
		FAD9B3FD1DAD478500069752 /* ModelAdapterProtocol.h */ = {isa = PBXFileReference; fileEncoding = 4; lastKnownFileType = sourcecode.c.h; path = ModelAdapterProtocol.h; sourceTree = "<group>"; };
		FAD9B3FE1DAD479A00069752 /* StoreModelAdapter.h */ = {isa = PBXFileReference; fileEncoding = 4; lastKnownFileType = sourcecode.c.h; path = StoreModelAdapter.h; sourceTree = "<group>"; };
		FAD9B3FF1DAD479A00069752 /* StoreModelAdapter.m */ = {isa = PBXFileReference; fileEncoding = 4; lastKnownFileType = sourcecode.c.objc; path = StoreModelAdapter.m; sourceTree = "<group>"; };
		FAEBD8431DB72417005BD8D1 /* APODPictureEventCollectionViewCellObject.h */ = {isa = PBXFileReference; fileEncoding = 4; lastKnownFileType = sourcecode.c.h; path = APODPictureEventCollectionViewCellObject.h; sourceTree = "<group>"; };
		FAEBD8441DB72417005BD8D1 /* APODPictureEventCollectionViewCellObject.m */ = {isa = PBXFileReference; fileEncoding = 4; lastKnownFileType = sourcecode.c.objc; path = APODPictureEventCollectionViewCellObject.m; sourceTree = "<group>"; };
		FAEBD8461DB72434005BD8D1 /* APODVideoEventCollectionViewCellObject.h */ = {isa = PBXFileReference; fileEncoding = 4; lastKnownFileType = sourcecode.c.h; path = APODVideoEventCollectionViewCellObject.h; sourceTree = "<group>"; };
		FAEBD8471DB72434005BD8D1 /* APODVideoEventCollectionViewCellObject.m */ = {isa = PBXFileReference; fileEncoding = 4; lastKnownFileType = sourcecode.c.objc; path = APODVideoEventCollectionViewCellObject.m; sourceTree = "<group>"; };
		FAEDBB321DB6E0B6002A2951 /* CollectionViewDataProviderDelegate.h */ = {isa = PBXFileReference; fileEncoding = 4; lastKnownFileType = sourcecode.c.h; path = CollectionViewDataProviderDelegate.h; sourceTree = "<group>"; };
		FAEDBB361DB6FBAC002A2951 /* DataProviderProtocol.h */ = {isa = PBXFileReference; fileEncoding = 4; lastKnownFileType = sourcecode.c.h; path = DataProviderProtocol.h; sourceTree = "<group>"; };
		FAEDBB371DB6FBBF002A2951 /* DataProvider.h */ = {isa = PBXFileReference; fileEncoding = 4; lastKnownFileType = sourcecode.c.h; path = DataProvider.h; sourceTree = "<group>"; };
		FAEDBB381DB6FBBF002A2951 /* DataProvider.m */ = {isa = PBXFileReference; fileEncoding = 4; lastKnownFileType = sourcecode.c.objc; path = DataProvider.m; sourceTree = "<group>"; };
/* End PBXFileReference section */

/* Begin PBXFrameworksBuildPhase section */
		FA068EEA1DAB6A9100957582 /* Frameworks */ = {
			isa = PBXFrameworksBuildPhase;
			buildActionMask = 2147483647;
			files = (
				EB1118D933B3DBE713527C27 /* libPods-CosmosX.a in Frameworks */,
			);
			runOnlyForDeploymentPostprocessing = 0;
		};
		FA068F031DAB6A9100957582 /* Frameworks */ = {
			isa = PBXFrameworksBuildPhase;
			buildActionMask = 2147483647;
			files = (
				26A9A64A7498A382707EF1E0 /* libPods-CosmosXTests.a in Frameworks */,
			);
			runOnlyForDeploymentPostprocessing = 0;
		};
		FA068F0E1DAB6A9100957582 /* Frameworks */ = {
			isa = PBXFrameworksBuildPhase;
			buildActionMask = 2147483647;
			files = (
				1CE9275BA4B4AFAD065DD4A1 /* libPods-CosmosXUITests.a in Frameworks */,
			);
			runOnlyForDeploymentPostprocessing = 0;
		};
/* End PBXFrameworksBuildPhase section */

/* Begin PBXGroup section */
		076DAE392DDCC88640F38376 /* Router */ = {
			isa = PBXGroup;
			children = (
				D15F4E0A26E1BEBB3D24E4F8 /* MainScreenRouterInput.h */,
				B4242293E262F5CF7954AAE6 /* MainScreenRouter.h */,
				CB6EEF4073FE6F602AD7BA58 /* MainScreenRouter.m */,
			);
			path = Router;
			sourceTree = "<group>";
		};
		2309909ECD35EAA7C5608DA0 /* Presenter */ = {
			isa = PBXGroup;
			children = (
				CBC15FB04F3006C323BA7F44 /* MainScreenPresenterTests.m */,
			);
			path = Presenter;
			sourceTree = "<group>";
		};
		246C5CE1ECC6CBD9D43A7250 /* Router */ = {
			isa = PBXGroup;
			children = (
				B6EC62AE7B5252607C338707 /* MainScreenRouterTests.m */,
			);
			path = Router;
			sourceTree = "<group>";
		};
		5F1888CD1BF60E682F10E1DB /* View */ = {
			isa = PBXGroup;
			children = (
				F2E380F66FDE0AE5C3723F48 /* MainScreenViewControllerTests.m */,
			);
			path = View;
			sourceTree = "<group>";
		};
		62745B196D2B09694BA5D5B8 /* Presenter */ = {
			isa = PBXGroup;
			children = (
				D0283D6546563DFC71F37C3F /* MainScreenModuleInput.h */,
				342F76A587CA7E377FC8F43D /* MainScreenPresenter.h */,
				116149DDB7966A07F80C7D9B /* MainScreenPresenter.m */,
			);
			path = Presenter;
			sourceTree = "<group>";
		};
		83CBC225AB662B95E01AF6ED /* MainScreen */ = {
			isa = PBXGroup;
			children = (
				849E68B23329A28387537AA4 /* Assembly */,
				5F1888CD1BF60E682F10E1DB /* View */,
				2309909ECD35EAA7C5608DA0 /* Presenter */,
				B18C9DE376235276823E7B16 /* Interactor */,
				246C5CE1ECC6CBD9D43A7250 /* Router */,
			);
			path = MainScreen;
			sourceTree = "<group>";
		};
		849E68B23329A28387537AA4 /* Assembly */ = {
			isa = PBXGroup;
			children = (
				3B9872A93168F784CC4C1FC4 /* MainScreenAssemblyTests.m */,
				E2C2630C3F9FC80643899E54 /* MainScreenAssembly_Testable.h */,
			);
			path = Assembly;
			sourceTree = "<group>";
		};
		9414B67D75A8CC6439053E7E /* Interactor */ = {
			isa = PBXGroup;
			children = (
				E64481E43C20C95CA25AD63C /* MainScreenInteractorInput.h */,
				15DA41C6B242D3007F68D060 /* MainScreenInteractorOutput.h */,
				88A52D2C6B65D8C79862C438 /* MainScreenInteractor.h */,
				974C96BA24C2663708A9B75E /* MainScreenInteractor.m */,
			);
			path = Interactor;
			sourceTree = "<group>";
		};
		974A68F3624613A2D20EB90B /* UserStoryTests */ = {
			isa = PBXGroup;
			children = (
				83CBC225AB662B95E01AF6ED /* MainScreen */,
			);
			path = UserStoryTests;
			sourceTree = "<group>";
		};
		B18C9DE376235276823E7B16 /* Interactor */ = {
			isa = PBXGroup;
			children = (
				8377066A55A30B8411D4FD4A /* MainScreenInteractorTests.m */,
			);
			path = Interactor;
			sourceTree = "<group>";
		};
		BD3B7DADDB295519A8AAA4B7 /* Pods */ = {
			isa = PBXGroup;
			children = (
				1B7613038782549D40B5DCC3 /* Pods-CosmosX.debug.xcconfig */,
				88266B83C1D608B9FFBC6107 /* Pods-CosmosX.release.xcconfig */,
				6AEFF55A56C21CAB28443405 /* Pods-CosmosXTests.debug.xcconfig */,
				7697E23F2D62BBCFAF0D9C49 /* Pods-CosmosXTests.release.xcconfig */,
				EFD0E378D00483055F459E4A /* Pods-CosmosXUITests.debug.xcconfig */,
				8BCEF8DE58EF9FBE3E982EC8 /* Pods-CosmosXUITests.release.xcconfig */,
			);
			name = Pods;
			sourceTree = "<group>";
		};
		DD9EFC9D440B29F4B58BEEDD /* Frameworks */ = {
			isa = PBXGroup;
			children = (
				70022D6ED0CF04045AD09404 /* libPods-CosmosX.a */,
				5644F7180A3C5E200FA03E17 /* libPods-CosmosXTests.a */,
				8E104C5226B3604EF887D3C3 /* libPods-CosmosXUITests.a */,
			);
			name = Frameworks;
			sourceTree = "<group>";
		};
		E396C1542DCB684DC7225B71 /* MainScreen */ = {
			isa = PBXGroup;
			children = (
				E96327CA5075FE1490F1DED8 /* Assembly */,
				EB6703429C772CFEC71CC13F /* View */,
				62745B196D2B09694BA5D5B8 /* Presenter */,
				9414B67D75A8CC6439053E7E /* Interactor */,
				076DAE392DDCC88640F38376 /* Router */,
			);
			path = MainScreen;
			sourceTree = "<group>";
		};
		E96327CA5075FE1490F1DED8 /* Assembly */ = {
			isa = PBXGroup;
			children = (
				DFD72EDB8B3D1D6C860238DC /* MainScreenAssembly.h */,
				2F644EB53FEDA978272580F8 /* MainScreenAssembly.m */,
			);
			path = Assembly;
			sourceTree = "<group>";
		};
		EB6703429C772CFEC71CC13F /* View */ = {
			isa = PBXGroup;
			children = (
				FA330B571DAB9E27007BF47C /* DisplayDataManager */,
				E0DD5D707B0110DE0D77AD4E /* MainScreenViewInput.h */,
				3577BCFCDADFBFCD8FFE924F /* MainScreenViewOutput.h */,
				DF84284E26C5E8A2BD87211D /* MainScreenViewController.h */,
				D712530AFCD493441CE790BC /* MainScreenViewController.m */,
			);
			path = View;
			sourceTree = "<group>";
		};
		FA068EE41DAB6A9100957582 = {
			isa = PBXGroup;
			children = (
				FA068EEF1DAB6A9100957582 /* CosmosX */,
				FA068F091DAB6A9100957582 /* CosmosXTests */,
				FA068F141DAB6A9100957582 /* CosmosXUITests */,
				FA068EEE1DAB6A9100957582 /* Products */,
				BD3B7DADDB295519A8AAA4B7 /* Pods */,
				DD9EFC9D440B29F4B58BEEDD /* Frameworks */,
			);
			sourceTree = "<group>";
		};
		FA068EEE1DAB6A9100957582 /* Products */ = {
			isa = PBXGroup;
			children = (
				FA068EED1DAB6A9100957582 /* CosmosX.app */,
				FA068F061DAB6A9100957582 /* CosmosXTests.xctest */,
				FA068F111DAB6A9100957582 /* CosmosXUITests.xctest */,
			);
			name = Products;
			sourceTree = "<group>";
		};
		FA068EEF1DAB6A9100957582 /* CosmosX */ = {
			isa = PBXGroup;
			children = (
				FA7CFF331DAB90EA001B3C27 /* Presentation Layer */,
				FA7CFF2B1DAB90EA001B3C27 /* Bussiness Layer */,
				FA0EAE0E1DABFA4500650807 /* Model */,
				FA7CFF2C1DAB90EA001B3C27 /* Core Layer */,
				FA068F011DAB6A9100957582 /* Info.plist */,
				FA068EF01DAB6A9100957582 /* Supporting Files */,
			);
			path = CosmosX;
			sourceTree = "<group>";
		};
		FA068EF01DAB6A9100957582 /* Supporting Files */ = {
			isa = PBXGroup;
			children = (
				FA068EF11DAB6A9100957582 /* main.m */,
			);
			name = "Supporting Files";
			sourceTree = "<group>";
		};
		FA068F091DAB6A9100957582 /* CosmosXTests */ = {
			isa = PBXGroup;
			children = (
				FA068F0A1DAB6A9100957582 /* CosmosXTests.m */,
				FA068F0C1DAB6A9100957582 /* Info.plist */,
				974A68F3624613A2D20EB90B /* UserStoryTests */,
			);
			path = CosmosXTests;
			sourceTree = "<group>";
		};
		FA068F141DAB6A9100957582 /* CosmosXUITests */ = {
			isa = PBXGroup;
			children = (
				FA068F151DAB6A9100957582 /* CosmosXUITests.m */,
				FA068F171DAB6A9100957582 /* Info.plist */,
			);
			path = CosmosXUITests;
			sourceTree = "<group>";
		};
		FA0880DD1DB729DD0087E9E9 /* CollectionViewCellAttributes */ = {
			isa = PBXGroup;
			children = (
				FA0880DE1DB729F70087E9E9 /* APODCollectionViewCellAttributes.h */,
				FA0880DF1DB729F70087E9E9 /* APODCollectionViewCellAttributes.m */,
			);
			path = CollectionViewCellAttributes;
			sourceTree = "<group>";
		};
		FA0880E11DB79BF50087E9E9 /* CollectionViewCellObjectFactory */ = {
			isa = PBXGroup;
			children = (
				FA0880E21DB79C5D0087E9E9 /* APODEventsCellObjectFactory.h */,
				FA0880E31DB79C5D0087E9E9 /* APODEventsCellObjectFactory.m */,
			);
			path = CollectionViewCellObjectFactory;
			sourceTree = "<group>";
		};
		FA0880E51DB92BE50087E9E9 /* NetworkOperations */ = {
			isa = PBXGroup;
			children = (
				FA0880E71DB92BE50087E9E9 /* OperationBase */,
				FA0880E61DB92BE50087E9E9 /* AsyncNetworkOperation */,
			);
			path = NetworkOperations;
			sourceTree = "<group>";
		};
		FA0880E61DB92BE50087E9E9 /* AsyncNetworkOperation */ = {
			isa = PBXGroup;
			children = (
				FA0880EB1DB92D8A0087E9E9 /* AsyncNetworkOperation.h */,
				FA0880EC1DB92D8A0087E9E9 /* AsyncNetworkOperation.m */,
			);
			path = AsyncNetworkOperation;
			sourceTree = "<group>";
		};
		FA0880E71DB92BE50087E9E9 /* OperationBase */ = {
			isa = PBXGroup;
			children = (
				FA0880E81DB92C490087E9E9 /* OperationBase.h */,
				FA0880E91DB92C490087E9E9 /* OperationBase.m */,
			);
			path = OperationBase;
			sourceTree = "<group>";
		};
		FA09C4691DB6B5DD00D18455 /* PictureEventCollectionViewCell */ = {
			isa = PBXGroup;
			children = (
				FACE77111DB699480047312B /* APODPictureEventCollectionViewCell.h */,
				FACE77121DB699480047312B /* APODPictureEventCollectionViewCell.m */,
				FACE77131DB699480047312B /* APODPictureEventCollectionViewCell.xib */,
			);
			path = PictureEventCollectionViewCell;
			sourceTree = "<group>";
		};
		FA09C46A1DB6B5DD00D18455 /* VideoEventCollectionViewCell */ = {
			isa = PBXGroup;
			children = (
				FA09C46B1DB6B61500D18455 /* APODVideoEventCollectionViewCell.h */,
				FA09C46C1DB6B61500D18455 /* APODVideoEventCollectionViewCell.m */,
				FA09C46D1DB6B61500D18455 /* APODVideoEventCollectionViewCell.xib */,
			);
			path = VideoEventCollectionViewCell;
			sourceTree = "<group>";
		};
		FA09C4701DB6B7B900D18455 /* Common */ = {
			isa = PBXGroup;
			children = (
				FA0880DD1DB729DD0087E9E9 /* CollectionViewCellAttributes */,
				FA09C4711DB6B7B900D18455 /* Constants */,
			);
			path = Common;
			sourceTree = "<group>";
		};
		FA09C4711DB6B7B900D18455 /* Constants */ = {
			isa = PBXGroup;
			children = (
				FA09C4721DB6B7EC00D18455 /* Constants.h */,
				FA09C4731DB6B7EC00D18455 /* Constants.m */,
			);
			path = Constants;
			sourceTree = "<group>";
		};
		FA0EAE0E1DABFA4500650807 /* Model */ = {
			isa = PBXGroup;
			children = (
				FAD9B3F61DAD418500069752 /* RealmModel */,
				FA0EAE0F1DABFA6F00650807 /* PONSOModel */,
			);
			path = Model;
			sourceTree = "<group>";
		};
		FA0EAE0F1DABFA6F00650807 /* PONSOModel */ = {
			isa = PBXGroup;
			children = (
				FAD9B3E51DAD198000069752 /* PONSOModel.h */,
				FAD9B3E61DAD198000069752 /* PONSOModel.m */,
			);
			path = PONSOModel;
			sourceTree = "<group>";
		};
		FA0EAE111DABFAA800650807 /* CoreComponents */ = {
			isa = PBXGroup;
			children = (
				FAD9B3E81DAD340C00069752 /* CoreComponentsAssembly */,
				FA0880E51DB92BE50087E9E9 /* NetworkOperations */,
				FAD9B3FA1DAD476A00069752 /* StoreModelAdapter */,
				FA94B2A51DAD071C001EEAA2 /* DateFrormatters */,
				FA0EAE1D1DABFE4C00650807 /* NetworkClients */,
				FA0EAE121DABFC8900650807 /* ResourceMapper */,
			);
			path = CoreComponents;
			sourceTree = "<group>";
		};
		FA0EAE121DABFC8900650807 /* ResourceMapper */ = {
			isa = PBXGroup;
			children = (
				FA0EAE131DABFCD100650807 /* ConcreteClass */,
				FA0EAE141DABFCD100650807 /* Protocol */,
			);
			name = ResourceMapper;
			path = ResourseMapper;
			sourceTree = "<group>";
		};
		FA0EAE131DABFCD100650807 /* ConcreteClass */ = {
			isa = PBXGroup;
			children = (
				FA0EAE181DABFD8000650807 /* PONSOMapper.h */,
				FA0EAE191DABFD8000650807 /* PONSOMapper.m */,
			);
			path = ConcreteClass;
			sourceTree = "<group>";
		};
		FA0EAE141DABFCD100650807 /* Protocol */ = {
			isa = PBXGroup;
			children = (
				FA0EAE151DABFD0200650807 /* ResourceMapperProtocol.h */,
			);
			path = Protocol;
			sourceTree = "<group>";
		};
		FA0EAE1D1DABFE4C00650807 /* NetworkClients */ = {
			isa = PBXGroup;
			children = (
				FA0EAE2C1DAC062100650807 /* ResponseModel */,
				FA0EAE1E1DABFE4C00650807 /* ConcreteClasses */,
				FA0EAE1F1DABFE4C00650807 /* Protocols */,
				FA0EAE231DAC025B00650807 /* NetworkSessionType.h */,
			);
			path = NetworkClients;
			sourceTree = "<group>";
		};
		FA0EAE1E1DABFE4C00650807 /* ConcreteClasses */ = {
			isa = PBXGroup;
			children = (
				FA0EAE271DAC055800650807 /* NetworkClient */,
			);
			path = ConcreteClasses;
			sourceTree = "<group>";
		};
		FA0EAE1F1DABFE4C00650807 /* Protocols */ = {
			isa = PBXGroup;
			children = (
				FA0EAE261DAC035D00650807 /* CommonClientProtocol.h */,
			);
			path = Protocols;
			sourceTree = "<group>";
		};
		FA0EAE201DAC00F000650807 /* Assemblies */ = {
			isa = PBXGroup;
			children = (
				FA0EAE211DAC00F000650807 /* ServicesAssembly */,
			);
			path = Assemblies;
			sourceTree = "<group>";
		};
		FA0EAE211DAC00F000650807 /* ServicesAssembly */ = {
			isa = PBXGroup;
			children = (
				FAD9B3EC1DAD377A00069752 /* ServicesAssembly.h */,
				FAD9B3ED1DAD377A00069752 /* ServicesAssembly.m */,
			);
			path = ServicesAssembly;
			sourceTree = "<group>";
		};
		FA0EAE221DAC010A00650807 /* Services */ = {
			isa = PBXGroup;
			children = (
				FAEDBB331DB6FB8D002A2951 /* DataProviderService */,
				FAD9B3EF1DAD3E4400069752 /* DataStoreService */,
				FA94B2AE1DAD09EC001EEAA2 /* APODDataRequesterService */,
			);
			path = Services;
			sourceTree = "<group>";
		};
		FA0EAE271DAC055800650807 /* NetworkClient */ = {
			isa = PBXGroup;
			children = (
				FA0EAE281DAC056F00650807 /* NetworkClient.h */,
				FA0EAE291DAC056F00650807 /* NetworkClient.m */,
			);
			path = NetworkClient;
			sourceTree = "<group>";
		};
		FA0EAE2C1DAC062100650807 /* ResponseModel */ = {
			isa = PBXGroup;
			children = (
				FA0EAE2D1DAC062D00650807 /* ResponseModel.h */,
				FA0EAE2E1DAC062D00650807 /* ResponseModel.m */,
			);
			path = ResponseModel;
			sourceTree = "<group>";
		};
		FA330B571DAB9E27007BF47C /* DisplayDataManager */ = {
			isa = PBXGroup;
			children = (
				FA09C4701DB6B7B900D18455 /* Common */,
				FA0880E11DB79BF50087E9E9 /* CollectionViewCellObjectFactory */,
				FAEBD8401DB723E7005BD8D1 /* CollectionViewCellObjects */,
				FA330B581DAB9E27007BF47C /* CollectionViewCells */,
				FA330B5B1DAB9E27007BF47C /* CollectionViewDataSource */,
				FA330B5C1DAB9E27007BF47C /* CollectionViewDelegate */,
				FA330B5D1DAB9E27007BF47C /* CollectionViewFlowLayout */,
				FA330B631DAB9E27007BF47C /* DisplayDataManager.h */,
				FA330B641DAB9E27007BF47C /* DisplayDataManager.m */,
				FA330B651DAB9E27007BF47C /* DisplayDataManagerDelegate.h */,
				FA330B661DAB9E27007BF47C /* DisplayDataManagerProtocol.h */,
			);
			path = DisplayDataManager;
			sourceTree = "<group>";
		};
		FA330B581DAB9E27007BF47C /* CollectionViewCells */ = {
			isa = PBXGroup;
			children = (
				FA09C4691DB6B5DD00D18455 /* PictureEventCollectionViewCell */,
				FA09C46A1DB6B5DD00D18455 /* VideoEventCollectionViewCell */,
			);
			name = CollectionViewCells;
			path = CollectionViewCell;
			sourceTree = "<group>";
		};
		FA330B5B1DAB9E27007BF47C /* CollectionViewDataSource */ = {
			isa = PBXGroup;
			children = (
				FAEDBB311DB6E087002A2951 /* Protocols */,
				FA330B6B1DAB9E8F007BF47C /* CollectionViewDataSource.h */,
				FA330B6C1DAB9E8F007BF47C /* CollectionViewDataSource.m */,
			);
			path = CollectionViewDataSource;
			sourceTree = "<group>";
		};
		FA330B5C1DAB9E27007BF47C /* CollectionViewDelegate */ = {
			isa = PBXGroup;
			children = (
				FA330B6E1DAB9EA6007BF47C /* CollectionViewDelegate.h */,
				FA330B6F1DAB9EA6007BF47C /* CollectionViewDelegate.m */,
			);
			path = CollectionViewDelegate;
			sourceTree = "<group>";
		};
		FA330B5D1DAB9E27007BF47C /* CollectionViewFlowLayout */ = {
			isa = PBXGroup;
			children = (
				FA330B5E1DAB9E27007BF47C /* Helpers */,
				FA330B611DAB9E27007BF47C /* PostCollectionViewFlowLayout.h */,
				FA330B621DAB9E27007BF47C /* PostCollectionViewFlowLayout.m */,
			);
			path = CollectionViewFlowLayout;
			sourceTree = "<group>";
		};
		FA330B5E1DAB9E27007BF47C /* Helpers */ = {
			isa = PBXGroup;
			children = (
				FA330B5F1DAB9E27007BF47C /* PostSizeCalculator.h */,
				FA330B601DAB9E27007BF47C /* PostSizeCalculator.m */,
			);
			path = Helpers;
			sourceTree = "<group>";
		};
		FA7CFF2B1DAB90EA001B3C27 /* Bussiness Layer */ = {
			isa = PBXGroup;
			children = (
				FA0EAE201DAC00F000650807 /* Assemblies */,
				FA0EAE221DAC010A00650807 /* Services */,
			);
			path = "Bussiness Layer";
			sourceTree = "<group>";
		};
		FA7CFF2C1DAB90EA001B3C27 /* Core Layer */ = {
			isa = PBXGroup;
			children = (
				FA0EAE111DABFAA800650807 /* CoreComponents */,
				FA7CFF2D1DAB90EA001B3C27 /* AppDelegate */,
				FA7CFF301DAB90EA001B3C27 /* BaseAssembly */,
				FA7CFF311DAB90EA001B3C27 /* MainConfig */,
			);
			path = "Core Layer";
			sourceTree = "<group>";
		};
		FA7CFF2D1DAB90EA001B3C27 /* AppDelegate */ = {
			isa = PBXGroup;
			children = (
				FA7CFF2E1DAB90EA001B3C27 /* AppDelegate.h */,
				FA7CFF2F1DAB90EA001B3C27 /* AppDelegate.m */,
			);
			path = AppDelegate;
			sourceTree = "<group>";
		};
		FA7CFF301DAB90EA001B3C27 /* BaseAssembly */ = {
			isa = PBXGroup;
			children = (
			);
			path = BaseAssembly;
			sourceTree = "<group>";
		};
		FA7CFF311DAB90EA001B3C27 /* MainConfig */ = {
			isa = PBXGroup;
			children = (
				FA7CFF321DAB90EA001B3C27 /* main.m */,
			);
			path = MainConfig;
			sourceTree = "<group>";
		};
		FA7CFF331DAB90EA001B3C27 /* Presentation Layer */ = {
			isa = PBXGroup;
			children = (
				FA7CFF341DAB90EA001B3C27 /* Assets.xcassets */,
				FA7CFF351DAB90EA001B3C27 /* LaunchScreen.storyboard */,
				FA7CFF371DAB90EA001B3C27 /* Main.storyboard */,
				FA7CFF391DAB90EA001B3C27 /* UserStory */,
			);
			path = "Presentation Layer";
			sourceTree = "<group>";
		};
		FA7CFF391DAB90EA001B3C27 /* UserStory */ = {
			isa = PBXGroup;
			children = (
				E396C1542DCB684DC7225B71 /* MainScreen */,
			);
			path = UserStory;
			sourceTree = "<group>";
		};
		FA94B2A51DAD071C001EEAA2 /* DateFrormatters */ = {
			isa = PBXGroup;
			children = (
				FA94B2A61DAD0732001EEAA2 /* ConcreteClasses */,
				FA94B2A71DAD0732001EEAA2 /* Protocols */,
			);
			path = DateFrormatters;
			sourceTree = "<group>";
		};
		FA94B2A61DAD0732001EEAA2 /* ConcreteClasses */ = {
			isa = PBXGroup;
			children = (
				FA94B2A81DAD074F001EEAA2 /* RequestDateFormatter.h */,
				FA94B2A91DAD074F001EEAA2 /* RequestDateFormatter.m */,
			);
			path = ConcreteClasses;
			sourceTree = "<group>";
		};
		FA94B2A71DAD0732001EEAA2 /* Protocols */ = {
			isa = PBXGroup;
			children = (
				FA94B2AB1DAD076C001EEAA2 /* APODDateFormatterProtocol.h */,
			);
			path = Protocols;
			sourceTree = "<group>";
		};
		FA94B2AE1DAD09EC001EEAA2 /* APODDataRequesterService */ = {
			isa = PBXGroup;
			children = (
				FA94B2AF1DAD09EC001EEAA2 /* ConcreteClasses */,
				FA94B2B01DAD09EC001EEAA2 /* Protocols */,
			);
			path = APODDataRequesterService;
			sourceTree = "<group>";
		};
		FA94B2AF1DAD09EC001EEAA2 /* ConcreteClasses */ = {
			isa = PBXGroup;
			children = (
				FA94B2B11DAD0A18001EEAA2 /* APODDataRequestService.h */,
				FA94B2B21DAD0A18001EEAA2 /* APODDataRequestService.m */,
			);
			path = ConcreteClasses;
			sourceTree = "<group>";
		};
		FA94B2B01DAD09EC001EEAA2 /* Protocols */ = {
			isa = PBXGroup;
			children = (
				FA94B2B41DAD0A35001EEAA2 /* DataRequestProtocol.h */,
			);
			path = Protocols;
			sourceTree = "<group>";
		};
		FAD9B3E81DAD340C00069752 /* CoreComponentsAssembly */ = {
			isa = PBXGroup;
			children = (
				FAD9B3E91DAD343400069752 /* CoreComponentsAssembly.h */,
				FAD9B3EA1DAD343400069752 /* CoreComponentsAssembly.m */,
			);
			path = CoreComponentsAssembly;
			sourceTree = "<group>";
		};
		FAD9B3EF1DAD3E4400069752 /* DataStoreService */ = {
			isa = PBXGroup;
			children = (
				FAD9B3F01DAD3E4400069752 /* ConcreteClasses */,
				FAD9B3F11DAD3E4400069752 /* Protocols */,
			);
			path = DataStoreService;
			sourceTree = "<group>";
		};
		FAD9B3F01DAD3E4400069752 /* ConcreteClasses */ = {
			isa = PBXGroup;
			children = (
				FAD9B3F31DAD3E8D00069752 /* APODDataStoreService.h */,
				FAD9B3F41DAD3E8D00069752 /* APODDataStoreService.m */,
			);
			path = ConcreteClasses;
			sourceTree = "<group>";
		};
		FAD9B3F11DAD3E4400069752 /* Protocols */ = {
			isa = PBXGroup;
			children = (
				FAD9B3F21DAD3E6200069752 /* DataStoreProtocol.h */,
			);
			path = Protocols;
			sourceTree = "<group>";
		};
		FAD9B3F61DAD418500069752 /* RealmModel */ = {
			isa = PBXGroup;
			children = (
				FAD9B3F71DAD41C400069752 /* APODData.h */,
				FAD9B3F81DAD41C400069752 /* APODData.m */,
			);
			path = RealmModel;
			sourceTree = "<group>";
		};
		FAD9B3FA1DAD476A00069752 /* StoreModelAdapter */ = {
			isa = PBXGroup;
			children = (
				FAD9B3FB1DAD476A00069752 /* ConcreteClasses */,
				FAD9B3FC1DAD476A00069752 /* Protocols */,
			);
			path = StoreModelAdapter;
			sourceTree = "<group>";
		};
		FAD9B3FB1DAD476A00069752 /* ConcreteClasses */ = {
			isa = PBXGroup;
			children = (
				FAD9B3FE1DAD479A00069752 /* StoreModelAdapter.h */,
				FAD9B3FF1DAD479A00069752 /* StoreModelAdapter.m */,
			);
			path = ConcreteClasses;
			sourceTree = "<group>";
		};
		FAD9B3FC1DAD476A00069752 /* Protocols */ = {
			isa = PBXGroup;
			children = (
				FAD9B3FD1DAD478500069752 /* ModelAdapterProtocol.h */,
			);
			path = Protocols;
			sourceTree = "<group>";
		};
		FAEBD8401DB723E7005BD8D1 /* CollectionViewCellObjects */ = {
			isa = PBXGroup;
			children = (
				FAEBD8411DB723E7005BD8D1 /* APODPictureEventCollectionViewCellObject */,
				FAEBD8421DB723E7005BD8D1 /* APODVideoEventCollectionViewCellObject */,
			);
			path = CollectionViewCellObjects;
			sourceTree = "<group>";
		};
		FAEBD8411DB723E7005BD8D1 /* APODPictureEventCollectionViewCellObject */ = {
			isa = PBXGroup;
			children = (
				FAEBD8431DB72417005BD8D1 /* APODPictureEventCollectionViewCellObject.h */,
				FAEBD8441DB72417005BD8D1 /* APODPictureEventCollectionViewCellObject.m */,
			);
			path = APODPictureEventCollectionViewCellObject;
			sourceTree = "<group>";
		};
		FAEBD8421DB723E7005BD8D1 /* APODVideoEventCollectionViewCellObject */ = {
			isa = PBXGroup;
			children = (
				FAEBD8461DB72434005BD8D1 /* APODVideoEventCollectionViewCellObject.h */,
				FAEBD8471DB72434005BD8D1 /* APODVideoEventCollectionViewCellObject.m */,
			);
			path = APODVideoEventCollectionViewCellObject;
			sourceTree = "<group>";
		};
		FAEDBB311DB6E087002A2951 /* Protocols */ = {
			isa = PBXGroup;
			children = (
				FAEDBB321DB6E0B6002A2951 /* CollectionViewDataProviderDelegate.h */,
			);
			path = Protocols;
			sourceTree = "<group>";
		};
		FAEDBB331DB6FB8D002A2951 /* DataProviderService */ = {
			isa = PBXGroup;
			children = (
				FAEDBB341DB6FB8D002A2951 /* Concrete Classes */,
				FAEDBB351DB6FB8D002A2951 /* Protocols */,
			);
			path = DataProviderService;
			sourceTree = "<group>";
		};
		FAEDBB341DB6FB8D002A2951 /* Concrete Classes */ = {
			isa = PBXGroup;
			children = (
				FAEDBB371DB6FBBF002A2951 /* DataProvider.h */,
				FAEDBB381DB6FBBF002A2951 /* DataProvider.m */,
			);
			path = "Concrete Classes";
			sourceTree = "<group>";
		};
		FAEDBB351DB6FB8D002A2951 /* Protocols */ = {
			isa = PBXGroup;
			children = (
				FAEDBB361DB6FBAC002A2951 /* DataProviderProtocol.h */,
			);
			path = Protocols;
			sourceTree = "<group>";
		};
/* End PBXGroup section */

/* Begin PBXNativeTarget section */
		FA068EEC1DAB6A9100957582 /* CosmosX */ = {
			isa = PBXNativeTarget;
			buildConfigurationList = FA068F1A1DAB6A9100957582 /* Build configuration list for PBXNativeTarget "CosmosX" */;
			buildPhases = (
				FA5FD96C96FEBFCCC8864E0D /* [CP] Check Pods Manifest.lock */,
				FA068EE91DAB6A9100957582 /* Sources */,
				FA068EEA1DAB6A9100957582 /* Frameworks */,
				FA068EEB1DAB6A9100957582 /* Resources */,
				BA6AFE8541D09F5C5C30BDE0 /* [CP] Embed Pods Frameworks */,
				8CBBA71D3782B8D77388A34F /* [CP] Copy Pods Resources */,
			);
			buildRules = (
			);
			dependencies = (
			);
			name = CosmosX;
			productName = CosmosX;
			productReference = FA068EED1DAB6A9100957582 /* CosmosX.app */;
			productType = "com.apple.product-type.application";
		};
		FA068F051DAB6A9100957582 /* CosmosXTests */ = {
			isa = PBXNativeTarget;
			buildConfigurationList = FA068F1D1DAB6A9100957582 /* Build configuration list for PBXNativeTarget "CosmosXTests" */;
			buildPhases = (
				4B8423FADEBD5CE75619467C /* [CP] Check Pods Manifest.lock */,
				FA068F021DAB6A9100957582 /* Sources */,
				FA068F031DAB6A9100957582 /* Frameworks */,
				FA068F041DAB6A9100957582 /* Resources */,
				3BCFE128F64F32697EB7FB25 /* [CP] Embed Pods Frameworks */,
				2CD7DAE765B079D4C4CF80EE /* [CP] Copy Pods Resources */,
			);
			buildRules = (
			);
			dependencies = (
				FA068F081DAB6A9100957582 /* PBXTargetDependency */,
			);
			name = CosmosXTests;
			productName = CosmosXTests;
			productReference = FA068F061DAB6A9100957582 /* CosmosXTests.xctest */;
			productType = "com.apple.product-type.bundle.unit-test";
		};
		FA068F101DAB6A9100957582 /* CosmosXUITests */ = {
			isa = PBXNativeTarget;
			buildConfigurationList = FA068F201DAB6A9100957582 /* Build configuration list for PBXNativeTarget "CosmosXUITests" */;
			buildPhases = (
				67DAC31A0D4FC9FC39A41D04 /* [CP] Check Pods Manifest.lock */,
				FA068F0D1DAB6A9100957582 /* Sources */,
				FA068F0E1DAB6A9100957582 /* Frameworks */,
				FA068F0F1DAB6A9100957582 /* Resources */,
				8DD5EA4AA5797CCE9A072362 /* [CP] Copy Pods Resources */,
			);
			buildRules = (
			);
			dependencies = (
				FA068F131DAB6A9100957582 /* PBXTargetDependency */,
			);
			name = CosmosXUITests;
			productName = CosmosXUITests;
			productReference = FA068F111DAB6A9100957582 /* CosmosXUITests.xctest */;
			productType = "com.apple.product-type.bundle.ui-testing";
		};
/* End PBXNativeTarget section */

/* Begin PBXProject section */
		FA068EE51DAB6A9100957582 /* Project object */ = {
			isa = PBXProject;
			attributes = {
				LastUpgradeCheck = 0800;
				ORGANIZATIONNAME = "Paul Kuznetsov";
				TargetAttributes = {
					FA068EEC1DAB6A9100957582 = {
						CreatedOnToolsVersion = 8.0;
						DevelopmentTeam = FFASSW2393;
						ProvisioningStyle = Automatic;
					};
					FA068F051DAB6A9100957582 = {
						CreatedOnToolsVersion = 8.0;
						DevelopmentTeam = FFASSW2393;
						ProvisioningStyle = Automatic;
						TestTargetID = FA068EEC1DAB6A9100957582;
					};
					FA068F101DAB6A9100957582 = {
						CreatedOnToolsVersion = 8.0;
						DevelopmentTeam = FFASSW2393;
						ProvisioningStyle = Automatic;
						TestTargetID = FA068EEC1DAB6A9100957582;
					};
				};
			};
			buildConfigurationList = FA068EE81DAB6A9100957582 /* Build configuration list for PBXProject "CosmosX" */;
			compatibilityVersion = "Xcode 3.2";
			developmentRegion = English;
			hasScannedForEncodings = 0;
			knownRegions = (
				en,
				Base,
			);
			mainGroup = FA068EE41DAB6A9100957582;
			productRefGroup = FA068EEE1DAB6A9100957582 /* Products */;
			projectDirPath = "";
			projectRoot = "";
			targets = (
				FA068EEC1DAB6A9100957582 /* CosmosX */,
				FA068F051DAB6A9100957582 /* CosmosXTests */,
				FA068F101DAB6A9100957582 /* CosmosXUITests */,
			);
		};
/* End PBXProject section */

/* Begin PBXResourcesBuildPhase section */
		FA068EEB1DAB6A9100957582 /* Resources */ = {
			isa = PBXResourcesBuildPhase;
			buildActionMask = 2147483647;
			files = (
				FA330B541DAB96BE007BF47C /* Assets.xcassets in Resources */,
				FACE77151DB699480047312B /* APODPictureEventCollectionViewCell.xib in Resources */,
				FA09C46F1DB6B61500D18455 /* APODVideoEventCollectionViewCell.xib in Resources */,
				FA330B551DAB96BE007BF47C /* LaunchScreen.storyboard in Resources */,
				FA330B561DAB96BE007BF47C /* Main.storyboard in Resources */,
			);
			runOnlyForDeploymentPostprocessing = 0;
		};
		FA068F041DAB6A9100957582 /* Resources */ = {
			isa = PBXResourcesBuildPhase;
			buildActionMask = 2147483647;
			files = (
			);
			runOnlyForDeploymentPostprocessing = 0;
		};
		FA068F0F1DAB6A9100957582 /* Resources */ = {
			isa = PBXResourcesBuildPhase;
			buildActionMask = 2147483647;
			files = (
			);
			runOnlyForDeploymentPostprocessing = 0;
		};
/* End PBXResourcesBuildPhase section */

/* Begin PBXShellScriptBuildPhase section */
		2CD7DAE765B079D4C4CF80EE /* [CP] Copy Pods Resources */ = {
			isa = PBXShellScriptBuildPhase;
			buildActionMask = 2147483647;
			files = (
			);
			inputPaths = (
			);
			name = "[CP] Copy Pods Resources";
			outputPaths = (
			);
			runOnlyForDeploymentPostprocessing = 0;
			shellPath = /bin/sh;
			shellScript = "\"${SRCROOT}/Pods/Target Support Files/Pods-CosmosXTests/Pods-CosmosXTests-resources.sh\"\n";
			showEnvVarsInLog = 0;
		};
		3BCFE128F64F32697EB7FB25 /* [CP] Embed Pods Frameworks */ = {
			isa = PBXShellScriptBuildPhase;
			buildActionMask = 2147483647;
			files = (
			);
			inputPaths = (
			);
			name = "[CP] Embed Pods Frameworks";
			outputPaths = (
			);
			runOnlyForDeploymentPostprocessing = 0;
			shellPath = /bin/sh;
			shellScript = "\"${SRCROOT}/Pods/Target Support Files/Pods-CosmosXTests/Pods-CosmosXTests-frameworks.sh\"\n";
			showEnvVarsInLog = 0;
		};
		4B8423FADEBD5CE75619467C /* [CP] Check Pods Manifest.lock */ = {
			isa = PBXShellScriptBuildPhase;
			buildActionMask = 2147483647;
			files = (
			);
			inputPaths = (
			);
			name = "[CP] Check Pods Manifest.lock";
			outputPaths = (
			);
			runOnlyForDeploymentPostprocessing = 0;
			shellPath = /bin/sh;
			shellScript = "diff \"${PODS_ROOT}/../Podfile.lock\" \"${PODS_ROOT}/Manifest.lock\" > /dev/null\nif [[ $? != 0 ]] ; then\n    cat << EOM\nerror: The sandbox is not in sync with the Podfile.lock. Run 'pod install' or update your CocoaPods installation.\nEOM\n    exit 1\nfi\n";
			showEnvVarsInLog = 0;
		};
		67DAC31A0D4FC9FC39A41D04 /* [CP] Check Pods Manifest.lock */ = {
			isa = PBXShellScriptBuildPhase;
			buildActionMask = 2147483647;
			files = (
			);
			inputPaths = (
			);
			name = "[CP] Check Pods Manifest.lock";
			outputPaths = (
			);
			runOnlyForDeploymentPostprocessing = 0;
			shellPath = /bin/sh;
			shellScript = "diff \"${PODS_ROOT}/../Podfile.lock\" \"${PODS_ROOT}/Manifest.lock\" > /dev/null\nif [[ $? != 0 ]] ; then\n    cat << EOM\nerror: The sandbox is not in sync with the Podfile.lock. Run 'pod install' or update your CocoaPods installation.\nEOM\n    exit 1\nfi\n";
			showEnvVarsInLog = 0;
		};
		8CBBA71D3782B8D77388A34F /* [CP] Copy Pods Resources */ = {
			isa = PBXShellScriptBuildPhase;
			buildActionMask = 2147483647;
			files = (
			);
			inputPaths = (
			);
			name = "[CP] Copy Pods Resources";
			outputPaths = (
			);
			runOnlyForDeploymentPostprocessing = 0;
			shellPath = /bin/sh;
			shellScript = "\"${SRCROOT}/Pods/Target Support Files/Pods-CosmosX/Pods-CosmosX-resources.sh\"\n";
			showEnvVarsInLog = 0;
		};
		8DD5EA4AA5797CCE9A072362 /* [CP] Copy Pods Resources */ = {
			isa = PBXShellScriptBuildPhase;
			buildActionMask = 2147483647;
			files = (
			);
			inputPaths = (
			);
			name = "[CP] Copy Pods Resources";
			outputPaths = (
			);
			runOnlyForDeploymentPostprocessing = 0;
			shellPath = /bin/sh;
			shellScript = "\"${SRCROOT}/Pods/Target Support Files/Pods-CosmosXUITests/Pods-CosmosXUITests-resources.sh\"\n";
			showEnvVarsInLog = 0;
		};
		BA6AFE8541D09F5C5C30BDE0 /* [CP] Embed Pods Frameworks */ = {
			isa = PBXShellScriptBuildPhase;
			buildActionMask = 2147483647;
			files = (
			);
			inputPaths = (
			);
			name = "[CP] Embed Pods Frameworks";
			outputPaths = (
			);
			runOnlyForDeploymentPostprocessing = 0;
			shellPath = /bin/sh;
			shellScript = "\"${SRCROOT}/Pods/Target Support Files/Pods-CosmosX/Pods-CosmosX-frameworks.sh\"\n";
			showEnvVarsInLog = 0;
		};
		FA5FD96C96FEBFCCC8864E0D /* [CP] Check Pods Manifest.lock */ = {
			isa = PBXShellScriptBuildPhase;
			buildActionMask = 2147483647;
			files = (
			);
			inputPaths = (
			);
			name = "[CP] Check Pods Manifest.lock";
			outputPaths = (
			);
			runOnlyForDeploymentPostprocessing = 0;
			shellPath = /bin/sh;
			shellScript = "diff \"${PODS_ROOT}/../Podfile.lock\" \"${PODS_ROOT}/Manifest.lock\" > /dev/null\nif [[ $? != 0 ]] ; then\n    cat << EOM\nerror: The sandbox is not in sync with the Podfile.lock. Run 'pod install' or update your CocoaPods installation.\nEOM\n    exit 1\nfi\n";
			showEnvVarsInLog = 0;
		};
/* End PBXShellScriptBuildPhase section */

/* Begin PBXSourcesBuildPhase section */
		FA068EE91DAB6A9100957582 /* Sources */ = {
			isa = PBXSourcesBuildPhase;
			buildActionMask = 2147483647;
			files = (
				FAD9B3E71DAD198000069752 /* PONSOModel.m in Sources */,
				FA0880E01DB729F70087E9E9 /* APODCollectionViewCellAttributes.m in Sources */,
				FAEBD8451DB72417005BD8D1 /* APODPictureEventCollectionViewCellObject.m in Sources */,
				FACE77141DB699480047312B /* APODPictureEventCollectionViewCell.m in Sources */,
				FA0EAE2A1DAC056F00650807 /* NetworkClient.m in Sources */,
				FAD9B3F91DAD41C400069752 /* APODData.m in Sources */,
				FAD9B3F51DAD3E8D00069752 /* APODDataStoreService.m in Sources */,
				FAD9B4001DAD479A00069752 /* StoreModelAdapter.m in Sources */,
				FA7CFF3A1DAB90EA001B3C27 /* AppDelegate.m in Sources */,
				FA09C4741DB6B7EC00D18455 /* Constants.m in Sources */,
				FA330B691DAB9E27007BF47C /* PostCollectionViewFlowLayout.m in Sources */,
				FAEBD8481DB72434005BD8D1 /* APODVideoEventCollectionViewCellObject.m in Sources */,
				FA7CFF3B1DAB90EA001B3C27 /* main.m in Sources */,
				FA94B2B31DAD0A18001EEAA2 /* APODDataRequestService.m in Sources */,
				7B46573ADAD478FD431F3198 /* MainScreenAssembly.m in Sources */,
				FA330B6A1DAB9E27007BF47C /* DisplayDataManager.m in Sources */,
				FA0EAE1A1DABFD8000650807 /* PONSOMapper.m in Sources */,
				FA330B681DAB9E27007BF47C /* PostSizeCalculator.m in Sources */,
				FA0880ED1DB92D8A0087E9E9 /* AsyncNetworkOperation.m in Sources */,
				FAD9B3EE1DAD377A00069752 /* ServicesAssembly.m in Sources */,
				FA330B6D1DAB9E8F007BF47C /* CollectionViewDataSource.m in Sources */,
				FAEDBB391DB6FBBF002A2951 /* DataProvider.m in Sources */,
				FA0EAE2F1DAC062D00650807 /* ResponseModel.m in Sources */,
				FA0880EA1DB92C490087E9E9 /* OperationBase.m in Sources */,
				87ACA91405B32736C3BDE6FA /* MainScreenViewController.m in Sources */,
				D53D05414A64ED761823DD36 /* MainScreenPresenter.m in Sources */,
				FA330B701DAB9EA6007BF47C /* CollectionViewDelegate.m in Sources */,
				09AC032861EF6A6CC3221271 /* MainScreenInteractor.m in Sources */,
				FA94B2AA1DAD074F001EEAA2 /* RequestDateFormatter.m in Sources */,
				FA0880E41DB79C5D0087E9E9 /* APODEventsCellObjectFactory.m in Sources */,
				FAD9B3EB1DAD343400069752 /* CoreComponentsAssembly.m in Sources */,
				FA09C46E1DB6B61500D18455 /* APODVideoEventCollectionViewCell.m in Sources */,
				0DB0DBF98F7AE851C4839B0A /* MainScreenRouter.m in Sources */,
			);
			runOnlyForDeploymentPostprocessing = 0;
		};
		FA068F021DAB6A9100957582 /* Sources */ = {
			isa = PBXSourcesBuildPhase;
			buildActionMask = 2147483647;
			files = (
				FA068F0B1DAB6A9100957582 /* CosmosXTests.m in Sources */,
				468E1C951C91813F729E77F0 /* MainScreenAssemblyTests.m in Sources */,
				4DC3D806E73CD73A77882992 /* MainScreenViewControllerTests.m in Sources */,
				F3ED0E811FB67F343416DA03 /* MainScreenPresenterTests.m in Sources */,
				BBF5FDE44A337D9A02E794EB /* MainScreenInteractorTests.m in Sources */,
				46BDDEF2F7E58710AC1F862E /* MainScreenRouterTests.m in Sources */,
			);
			runOnlyForDeploymentPostprocessing = 0;
		};
		FA068F0D1DAB6A9100957582 /* Sources */ = {
			isa = PBXSourcesBuildPhase;
			buildActionMask = 2147483647;
			files = (
				FA068F161DAB6A9100957582 /* CosmosXUITests.m in Sources */,
			);
			runOnlyForDeploymentPostprocessing = 0;
		};
/* End PBXSourcesBuildPhase section */

/* Begin PBXTargetDependency section */
		FA068F081DAB6A9100957582 /* PBXTargetDependency */ = {
			isa = PBXTargetDependency;
			target = FA068EEC1DAB6A9100957582 /* CosmosX */;
			targetProxy = FA068F071DAB6A9100957582 /* PBXContainerItemProxy */;
		};
		FA068F131DAB6A9100957582 /* PBXTargetDependency */ = {
			isa = PBXTargetDependency;
			target = FA068EEC1DAB6A9100957582 /* CosmosX */;
			targetProxy = FA068F121DAB6A9100957582 /* PBXContainerItemProxy */;
		};
/* End PBXTargetDependency section */

/* Begin PBXVariantGroup section */
		FA7CFF351DAB90EA001B3C27 /* LaunchScreen.storyboard */ = {
			isa = PBXVariantGroup;
			children = (
				FA7CFF361DAB90EA001B3C27 /* Base */,
			);
			name = LaunchScreen.storyboard;
			sourceTree = "<group>";
		};
		FA7CFF371DAB90EA001B3C27 /* Main.storyboard */ = {
			isa = PBXVariantGroup;
			children = (
				FA7CFF381DAB90EA001B3C27 /* Base */,
			);
			name = Main.storyboard;
			sourceTree = "<group>";
		};
/* End PBXVariantGroup section */

/* Begin XCBuildConfiguration section */
		FA068F181DAB6A9100957582 /* Debug */ = {
			isa = XCBuildConfiguration;
			buildSettings = {
				ALWAYS_SEARCH_USER_PATHS = NO;
				CLANG_ANALYZER_NONNULL = YES;
				CLANG_CXX_LANGUAGE_STANDARD = "gnu++0x";
				CLANG_CXX_LIBRARY = "libc++";
				CLANG_ENABLE_MODULES = YES;
				CLANG_ENABLE_OBJC_ARC = YES;
				CLANG_WARN_BOOL_CONVERSION = YES;
				CLANG_WARN_CONSTANT_CONVERSION = YES;
				CLANG_WARN_DIRECT_OBJC_ISA_USAGE = YES_ERROR;
				CLANG_WARN_DOCUMENTATION_COMMENTS = YES;
				CLANG_WARN_EMPTY_BODY = YES;
				CLANG_WARN_ENUM_CONVERSION = YES;
				CLANG_WARN_INFINITE_RECURSION = YES;
				CLANG_WARN_INT_CONVERSION = YES;
				CLANG_WARN_OBJC_ROOT_CLASS = YES_ERROR;
				CLANG_WARN_SUSPICIOUS_MOVE = YES;
				CLANG_WARN_SUSPICIOUS_MOVES = YES;
				CLANG_WARN_UNREACHABLE_CODE = YES;
				CLANG_WARN__DUPLICATE_METHOD_MATCH = YES;
				"CODE_SIGN_IDENTITY[sdk=iphoneos*]" = "iPhone Developer";
				COPY_PHASE_STRIP = NO;
				DEBUG_INFORMATION_FORMAT = dwarf;
				ENABLE_STRICT_OBJC_MSGSEND = YES;
				ENABLE_TESTABILITY = YES;
				GCC_C_LANGUAGE_STANDARD = gnu99;
				GCC_DYNAMIC_NO_PIC = NO;
				GCC_NO_COMMON_BLOCKS = YES;
				GCC_OPTIMIZATION_LEVEL = 0;
				GCC_PREPROCESSOR_DEFINITIONS = (
					"DEBUG=1",
					"$(inherited)",
				);
				GCC_WARN_64_TO_32_BIT_CONVERSION = YES;
				GCC_WARN_ABOUT_RETURN_TYPE = YES_ERROR;
				GCC_WARN_UNDECLARED_SELECTOR = YES;
				GCC_WARN_UNINITIALIZED_AUTOS = YES_AGGRESSIVE;
				GCC_WARN_UNUSED_FUNCTION = YES;
				GCC_WARN_UNUSED_VARIABLE = YES;
				IPHONEOS_DEPLOYMENT_TARGET = 9.0;
				MTL_ENABLE_DEBUG_INFO = YES;
				ONLY_ACTIVE_ARCH = YES;
				SDKROOT = iphoneos;
				TARGETED_DEVICE_FAMILY = "1,2";
			};
			name = Debug;
		};
		FA068F191DAB6A9100957582 /* Release */ = {
			isa = XCBuildConfiguration;
			buildSettings = {
				ALWAYS_SEARCH_USER_PATHS = NO;
				CLANG_ANALYZER_NONNULL = YES;
				CLANG_CXX_LANGUAGE_STANDARD = "gnu++0x";
				CLANG_CXX_LIBRARY = "libc++";
				CLANG_ENABLE_MODULES = YES;
				CLANG_ENABLE_OBJC_ARC = YES;
				CLANG_WARN_BOOL_CONVERSION = YES;
				CLANG_WARN_CONSTANT_CONVERSION = YES;
				CLANG_WARN_DIRECT_OBJC_ISA_USAGE = YES_ERROR;
				CLANG_WARN_DOCUMENTATION_COMMENTS = YES;
				CLANG_WARN_EMPTY_BODY = YES;
				CLANG_WARN_ENUM_CONVERSION = YES;
				CLANG_WARN_INFINITE_RECURSION = YES;
				CLANG_WARN_INT_CONVERSION = YES;
				CLANG_WARN_OBJC_ROOT_CLASS = YES_ERROR;
				CLANG_WARN_SUSPICIOUS_MOVE = YES;
				CLANG_WARN_SUSPICIOUS_MOVES = YES;
				CLANG_WARN_UNREACHABLE_CODE = YES;
				CLANG_WARN__DUPLICATE_METHOD_MATCH = YES;
				"CODE_SIGN_IDENTITY[sdk=iphoneos*]" = "iPhone Developer";
				COPY_PHASE_STRIP = NO;
				DEBUG_INFORMATION_FORMAT = "dwarf-with-dsym";
				ENABLE_NS_ASSERTIONS = NO;
				ENABLE_STRICT_OBJC_MSGSEND = YES;
				GCC_C_LANGUAGE_STANDARD = gnu99;
				GCC_NO_COMMON_BLOCKS = YES;
				GCC_WARN_64_TO_32_BIT_CONVERSION = YES;
				GCC_WARN_ABOUT_RETURN_TYPE = YES_ERROR;
				GCC_WARN_UNDECLARED_SELECTOR = YES;
				GCC_WARN_UNINITIALIZED_AUTOS = YES_AGGRESSIVE;
				GCC_WARN_UNUSED_FUNCTION = YES;
				GCC_WARN_UNUSED_VARIABLE = YES;
				IPHONEOS_DEPLOYMENT_TARGET = 9.0;
				MTL_ENABLE_DEBUG_INFO = NO;
				SDKROOT = iphoneos;
				TARGETED_DEVICE_FAMILY = "1,2";
				VALIDATE_PRODUCT = YES;
			};
			name = Release;
		};
		FA068F1B1DAB6A9100957582 /* Debug */ = {
			isa = XCBuildConfiguration;
			baseConfigurationReference = 1B7613038782549D40B5DCC3 /* Pods-CosmosX.debug.xcconfig */;
			buildSettings = {
				ASSETCATALOG_COMPILER_APPICON_NAME = AppIcon;
				DEVELOPMENT_TEAM = FFASSW2393;
				INFOPLIST_FILE = CosmosX/Info.plist;
				LD_RUNPATH_SEARCH_PATHS = "$(inherited) @executable_path/Frameworks";
				PRODUCT_BUNDLE_IDENTIFIER = com.pskuznetsov.CosmosX;
				PRODUCT_NAME = "$(TARGET_NAME)";
			};
			name = Debug;
		};
		FA068F1C1DAB6A9100957582 /* Release */ = {
			isa = XCBuildConfiguration;
			baseConfigurationReference = 88266B83C1D608B9FFBC6107 /* Pods-CosmosX.release.xcconfig */;
			buildSettings = {
				ASSETCATALOG_COMPILER_APPICON_NAME = AppIcon;
				DEVELOPMENT_TEAM = FFASSW2393;
				INFOPLIST_FILE = CosmosX/Info.plist;
				LD_RUNPATH_SEARCH_PATHS = "$(inherited) @executable_path/Frameworks";
				PRODUCT_BUNDLE_IDENTIFIER = com.pskuznetsov.CosmosX;
				PRODUCT_NAME = "$(TARGET_NAME)";
			};
			name = Release;
		};
		FA068F1E1DAB6A9100957582 /* Debug */ = {
			isa = XCBuildConfiguration;
			baseConfigurationReference = 6AEFF55A56C21CAB28443405 /* Pods-CosmosXTests.debug.xcconfig */;
			buildSettings = {
				BUNDLE_LOADER = "$(TEST_HOST)";
				DEVELOPMENT_TEAM = FFASSW2393;
				INFOPLIST_FILE = CosmosXTests/Info.plist;
				LD_RUNPATH_SEARCH_PATHS = "$(inherited) @executable_path/Frameworks @loader_path/Frameworks";
				PRODUCT_BUNDLE_IDENTIFIER = com.pskuznetsov.CosmosXTests;
				PRODUCT_NAME = "$(TARGET_NAME)";
				TEST_HOST = "$(BUILT_PRODUCTS_DIR)/CosmosX.app/CosmosX";
			};
			name = Debug;
		};
		FA068F1F1DAB6A9100957582 /* Release */ = {
			isa = XCBuildConfiguration;
			baseConfigurationReference = 7697E23F2D62BBCFAF0D9C49 /* Pods-CosmosXTests.release.xcconfig */;
			buildSettings = {
				BUNDLE_LOADER = "$(TEST_HOST)";
				DEVELOPMENT_TEAM = FFASSW2393;
				INFOPLIST_FILE = CosmosXTests/Info.plist;
				LD_RUNPATH_SEARCH_PATHS = "$(inherited) @executable_path/Frameworks @loader_path/Frameworks";
				PRODUCT_BUNDLE_IDENTIFIER = com.pskuznetsov.CosmosXTests;
				PRODUCT_NAME = "$(TARGET_NAME)";
				TEST_HOST = "$(BUILT_PRODUCTS_DIR)/CosmosX.app/CosmosX";
			};
			name = Release;
		};
		FA068F211DAB6A9100957582 /* Debug */ = {
			isa = XCBuildConfiguration;
			baseConfigurationReference = EFD0E378D00483055F459E4A /* Pods-CosmosXUITests.debug.xcconfig */;
			buildSettings = {
				DEVELOPMENT_TEAM = FFASSW2393;
				INFOPLIST_FILE = CosmosXUITests/Info.plist;
				LD_RUNPATH_SEARCH_PATHS = "$(inherited) @executable_path/Frameworks @loader_path/Frameworks";
				PRODUCT_BUNDLE_IDENTIFIER = com.pskuznetsov.CosmosXUITests;
				PRODUCT_NAME = "$(TARGET_NAME)";
				TEST_TARGET_NAME = CosmosX;
			};
			name = Debug;
		};
		FA068F221DAB6A9100957582 /* Release */ = {
			isa = XCBuildConfiguration;
			baseConfigurationReference = 8BCEF8DE58EF9FBE3E982EC8 /* Pods-CosmosXUITests.release.xcconfig */;
			buildSettings = {
				DEVELOPMENT_TEAM = FFASSW2393;
				INFOPLIST_FILE = CosmosXUITests/Info.plist;
				LD_RUNPATH_SEARCH_PATHS = "$(inherited) @executable_path/Frameworks @loader_path/Frameworks";
				PRODUCT_BUNDLE_IDENTIFIER = com.pskuznetsov.CosmosXUITests;
				PRODUCT_NAME = "$(TARGET_NAME)";
				TEST_TARGET_NAME = CosmosX;
			};
			name = Release;
		};
/* End XCBuildConfiguration section */

/* Begin XCConfigurationList section */
		FA068EE81DAB6A9100957582 /* Build configuration list for PBXProject "CosmosX" */ = {
			isa = XCConfigurationList;
			buildConfigurations = (
				FA068F181DAB6A9100957582 /* Debug */,
				FA068F191DAB6A9100957582 /* Release */,
			);
			defaultConfigurationIsVisible = 0;
			defaultConfigurationName = Release;
		};
		FA068F1A1DAB6A9100957582 /* Build configuration list for PBXNativeTarget "CosmosX" */ = {
			isa = XCConfigurationList;
			buildConfigurations = (
				FA068F1B1DAB6A9100957582 /* Debug */,
				FA068F1C1DAB6A9100957582 /* Release */,
			);
			defaultConfigurationIsVisible = 0;
			defaultConfigurationName = Release;
		};
		FA068F1D1DAB6A9100957582 /* Build configuration list for PBXNativeTarget "CosmosXTests" */ = {
			isa = XCConfigurationList;
			buildConfigurations = (
				FA068F1E1DAB6A9100957582 /* Debug */,
				FA068F1F1DAB6A9100957582 /* Release */,
			);
			defaultConfigurationIsVisible = 0;
			defaultConfigurationName = Release;
		};
		FA068F201DAB6A9100957582 /* Build configuration list for PBXNativeTarget "CosmosXUITests" */ = {
			isa = XCConfigurationList;
			buildConfigurations = (
				FA068F211DAB6A9100957582 /* Debug */,
				FA068F221DAB6A9100957582 /* Release */,
			);
			defaultConfigurationIsVisible = 0;
			defaultConfigurationName = Release;
		};
/* End XCConfigurationList section */
	};
	rootObject = FA068EE51DAB6A9100957582 /* Project object */;
}
