PODS:
  - AFNetworking (3.1.0):
    - AFNetworking/NSURLSession (= 3.1.0)
    - AFNetworking/Reachability (= 3.1.0)
    - AFNetworking/Security (= 3.1.0)
    - AFNetworking/Serialization (= 3.1.0)
    - AFNetworking/UIKit (= 3.1.0)
  - AFNetworking/NSURLSession (3.1.0):
    - AFNetworking/Reachability
    - AFNetworking/Security
    - AFNetworking/Serialization
  - AFNetworking/Reachability (3.1.0)
  - AFNetworking/Security (3.1.0)
  - AFNetworking/Serialization (3.1.0)
  - AFNetworking/UIKit (3.1.0):
    - AFNetworking/NSURLSession
  - OCMock (3.3.1)
  - Realm (2.0.2):
    - Realm/Headers (= 2.0.2)
  - Realm/Headers (2.0.2)
  - Typhoon (3.5.1):
    - Typhoon/no-arc (= 3.5.1)
  - Typhoon/no-arc (3.5.1)
  - ViperMcFlurry (1.5.1)

DEPENDENCIES:
  - AFNetworking (~> 3.0)
  - OCMock
  - Realm
  - Typhoon
  - ViperMcFlurry

SPEC CHECKSUMS:
  AFNetworking: 5e0e199f73d8626b11e79750991f5d173d1f8b67
  OCMock: f3f61e6eaa16038c30caa5798c5e49d3307b6f22
  Realm: 0f5a194af0b7e6158b83db41b4ee1a00be7ddf1a
  Typhoon: c0950bb9f2e835eb8a7dc6983160109b6baf2dda
  ViperMcFlurry: 7bcae2f2734f9338d245fa7037fc5f983edb3da6

PODFILE CHECKSUM: 577dfcd6dbc8e7d14e98b25d98adf4a224a5c88e

COCOAPODS: 1.0.1
